// !$*UTF8*$!
{
	archiveVersion = 1;
	classes = {
	};
	objectVersion = 45;
	objects = {

/* Begin PBXBuildFile section */
		14030DB812DC1A7200786EDD /* CustomImageView.m in Sources */ = {isa = PBXBuildFile; fileRef = 14030DB712DC1A7200786EDD /* CustomImageView.m */; };
		141B2823130E77E7009B7D81 /* PhotoHistoryCountCell.m in Sources */ = {isa = PBXBuildFile; fileRef = 141B2822130E77E7009B7D81 /* PhotoHistoryCountCell.m */; };
		141EF2EB12BB63980007742A /* Notification.m in Sources */ = {isa = PBXBuildFile; fileRef = 141EF2EA12BB63980007742A /* Notification.m */; };
		141EF2F012BB68C20007742A /* Instruction.m in Sources */ = {isa = PBXBuildFile; fileRef = 141EF2EF12BB68C20007742A /* Instruction.m */; };
		148646C912D5EDA5005815AC /* NSMutableArray(Reverse).m in Sources */ = {isa = PBXBuildFile; fileRef = 148646C812D5EDA5005815AC /* NSMutableArray(Reverse).m */; };
		148F5FFE12C9E77500AF8BE4 /* EventHandler.m in Sources */ = {isa = PBXBuildFile; fileRef = 148F5FFD12C9E77500AF8BE4 /* EventHandler.m */; };
		14950BDE1308E24800B57CF6 /* ImageDownloaderBackground.m in Sources */ = {isa = PBXBuildFile; fileRef = 14950BDD1308E24800B57CF6 /* ImageDownloaderBackground.m */; };
		1496723212C316C500A490BA /* APNSEventHandler.m in Sources */ = {isa = PBXBuildFile; fileRef = 1496723112C316C500A490BA /* APNSEventHandler.m */; };
		1496723512C316D400A490BA /* InstructionHandler.m in Sources */ = {isa = PBXBuildFile; fileRef = 1496723412C316D400A490BA /* InstructionHandler.m */; };
		1496723812C316E000A490BA /* NotificationHandler.m in Sources */ = {isa = PBXBuildFile; fileRef = 1496723712C316E000A490BA /* NotificationHandler.m */; };
		1496723C12C3171300A490BA /* GuideHandler.m in Sources */ = {isa = PBXBuildFile; fileRef = 1496723B12C3171300A490BA /* GuideHandler.m */; };
		1496724A12C3183200A490BA /* MessageStreamScreen.m in Sources */ = {isa = PBXBuildFile; fileRef = 1496724812C3183200A490BA /* MessageStreamScreen.m */; };
		1496724B12C3183200A490BA /* MessageStreamScreen.xib in Resources */ = {isa = PBXBuildFile; fileRef = 1496724912C3183200A490BA /* MessageStreamScreen.xib */; };
		1496725C12C3195100A490BA /* CalendarScreen.m in Sources */ = {isa = PBXBuildFile; fileRef = 1496725A12C3195100A490BA /* CalendarScreen.m */; };
		1496725D12C3195100A490BA /* CalendarScreen.xib in Resources */ = {isa = PBXBuildFile; fileRef = 1496725B12C3195100A490BA /* CalendarScreen.xib */; };
		1496726212C31B3700A490BA /* CommunityScreen.m in Sources */ = {isa = PBXBuildFile; fileRef = 1496726012C31B3700A490BA /* CommunityScreen.m */; };
		1496726312C31B3700A490BA /* CommunityScreen.xib in Resources */ = {isa = PBXBuildFile; fileRef = 1496726112C31B3700A490BA /* CommunityScreen.xib */; };
		1496726A12C31DE400A490BA /* MyStoreScreen.m in Sources */ = {isa = PBXBuildFile; fileRef = 1496726812C31DE400A490BA /* MyStoreScreen.m */; };
		1496726B12C31DE400A490BA /* MyStoreScreen.xib in Resources */ = {isa = PBXBuildFile; fileRef = 1496726912C31DE400A490BA /* MyStoreScreen.xib */; };
		14974D6812E1A440001076E6 /* NotificationStatus.m in Sources */ = {isa = PBXBuildFile; fileRef = 14974D6712E1A440001076E6 /* NotificationStatus.m */; };
		149773CA12BF2FF700207DC5 /* GuidesScreen.m in Sources */ = {isa = PBXBuildFile; fileRef = 149773C812BF2FF700207DC5 /* GuidesScreen.m */; };
		149773CB12BF2FF700207DC5 /* GuidesScreen.xib in Resources */ = {isa = PBXBuildFile; fileRef = 149773C912BF2FF700207DC5 /* GuidesScreen.xib */; };
		1497740A12BF32D500207DC5 /* GuidesCustomCell.m in Sources */ = {isa = PBXBuildFile; fileRef = 1497740912BF32D500207DC5 /* GuidesCustomCell.m */; };
		1497745612BF39AC00207DC5 /* Guides.m in Sources */ = {isa = PBXBuildFile; fileRef = 1497745512BF39AC00207DC5 /* Guides.m */; };
		1497747E12BF4B3700207DC5 /* InstructionDetailsScreen.m in Sources */ = {isa = PBXBuildFile; fileRef = 1497747C12BF4B3700207DC5 /* InstructionDetailsScreen.m */; };
		1497747F12BF4B3700207DC5 /* InstructionDetailsScreen.xib in Resources */ = {isa = PBXBuildFile; fileRef = 1497747D12BF4B3700207DC5 /* InstructionDetailsScreen.xib */; };
		1497749C12BF584600207DC5 /* ConfigReader.m in Sources */ = {isa = PBXBuildFile; fileRef = 1497749912BF584600207DC5 /* ConfigReader.m */; };
		1497749D12BF584600207DC5 /* Logger.m in Sources */ = {isa = PBXBuildFile; fileRef = 1497749B12BF584600207DC5 /* Logger.m */; };
		149774AC12BF587100207DC5 /* Config.plist in Resources */ = {isa = PBXBuildFile; fileRef = 149774AB12BF587100207DC5 /* Config.plist */; };
		1497754912BF7FB100207DC5 /* Reachability.m in Sources */ = {isa = PBXBuildFile; fileRef = 1497754812BF7FB100207DC5 /* Reachability.m */; };
		1497755412BF7FE900207DC5 /* CFNetwork.framework in Frameworks */ = {isa = PBXBuildFile; fileRef = 1497755312BF7FE900207DC5 /* CFNetwork.framework */; };
		1497757212BF803500207DC5 /* SystemConfiguration.framework in Frameworks */ = {isa = PBXBuildFile; fileRef = 1497757112BF803500207DC5 /* SystemConfiguration.framework */; };
		149BE34B12B9CD1700634311 /* InstructionsCutomCell.m in Sources */ = {isa = PBXBuildFile; fileRef = 149BE34A12B9CD1700634311 /* InstructionsCutomCell.m */; };
		149C545012FA8D70002403E8 /* PhotoHistory.m in Sources */ = {isa = PBXBuildFile; fileRef = 149C544E12FA8D70002403E8 /* PhotoHistory.m */; };
		149C545112FA8D70002403E8 /* PhotoHistory.xib in Resources */ = {isa = PBXBuildFile; fileRef = 149C544F12FA8D70002403E8 /* PhotoHistory.xib */; };
		149DF05912F91CB600DAFB46 /* PlacementImageScrollView.m in Sources */ = {isa = PBXBuildFile; fileRef = 149DF05812F91CB600DAFB46 /* PlacementImageScrollView.m */; };
		149F5EB312F7E01100402A8C /* HPGrowingTextView.m in Sources */ = {isa = PBXBuildFile; fileRef = 149F5EB012F7E01100402A8C /* HPGrowingTextView.m */; };
		149F5EB412F7E01100402A8C /* HPTextViewInternal.m in Sources */ = {isa = PBXBuildFile; fileRef = 149F5EB212F7E01100402A8C /* HPTextViewInternal.m */; };
		14A0CD7B12C84C5D009CD33F /* RatingsScreen.m in Sources */ = {isa = PBXBuildFile; fileRef = 14A0CD7912C84C5D009CD33F /* RatingsScreen.m */; };
		14A0CD7C12C84C5D009CD33F /* RatingsScreen.xib in Resources */ = {isa = PBXBuildFile; fileRef = 14A0CD7A12C84C5D009CD33F /* RatingsScreen.xib */; };
		14A0CD8612C84E7C009CD33F /* StoreLayoutScreen.m in Sources */ = {isa = PBXBuildFile; fileRef = 14A0CD8412C84E7C009CD33F /* StoreLayoutScreen.m */; };
		14A0CD8712C84E7C009CD33F /* StoreLayoutScreen.xib in Resources */ = {isa = PBXBuildFile; fileRef = 14A0CD8512C84E7C009CD33F /* StoreLayoutScreen.xib */; };
		14A0CD9E12C851BC009CD33F /* NotificationTableCell.m in Sources */ = {isa = PBXBuildFile; fileRef = 14A0CD9D12C851BC009CD33F /* NotificationTableCell.m */; };
		14A0CE3912C87867009CD33F /* StyleCustomCell.m in Sources */ = {isa = PBXBuildFile; fileRef = 14A0CE3812C87867009CD33F /* StyleCustomCell.m */; };
		14A0CE3C12C87887009CD33F /* InstructionImageCustomCell.m in Sources */ = {isa = PBXBuildFile; fileRef = 14A0CE3B12C87887009CD33F /* InstructionImageCustomCell.m */; };
		14A0CF5912C89C40009CD33F /* PlacementsScreen.m in Sources */ = {isa = PBXBuildFile; fileRef = 14A0CF5712C89C40009CD33F /* PlacementsScreen.m */; };
		14A0CF5A12C89C40009CD33F /* PlacementsScreen.xib in Resources */ = {isa = PBXBuildFile; fileRef = 14A0CF5812C89C40009CD33F /* PlacementsScreen.xib */; };
		14A6EE3C12D1995D005BAF8D /* DatabaseHandler.m in Sources */ = {isa = PBXBuildFile; fileRef = 14A6EE3B12D1995D005BAF8D /* DatabaseHandler.m */; };
		14A6EE4812D1997F005BAF8D /* libsqlite3.dylib in Frameworks */ = {isa = PBXBuildFile; fileRef = 14A6EE4712D1997F005BAF8D /* libsqlite3.dylib */; };
		14A6F0D112D1F974005BAF8D /* NSObject+SBJSON.m in Sources */ = {isa = PBXBuildFile; fileRef = 14A6F0C612D1F974005BAF8D /* NSObject+SBJSON.m */; };
		14A6F0D212D1F974005BAF8D /* NSString+SBJSON.m in Sources */ = {isa = PBXBuildFile; fileRef = 14A6F0C812D1F974005BAF8D /* NSString+SBJSON.m */; };
		14A6F0D312D1F974005BAF8D /* SBJSON.m in Sources */ = {isa = PBXBuildFile; fileRef = 14A6F0CA12D1F974005BAF8D /* SBJSON.m */; };
		14A6F0D412D1F974005BAF8D /* SBJsonBase.m in Sources */ = {isa = PBXBuildFile; fileRef = 14A6F0CC12D1F974005BAF8D /* SBJsonBase.m */; };
		14A6F0D512D1F974005BAF8D /* SBJsonParser.m in Sources */ = {isa = PBXBuildFile; fileRef = 14A6F0CE12D1F974005BAF8D /* SBJsonParser.m */; };
		14A6F0D612D1F974005BAF8D /* SBJsonWriter.m in Sources */ = {isa = PBXBuildFile; fileRef = 14A6F0D012D1F974005BAF8D /* SBJsonWriter.m */; };
		14A6F0F712D1FDE6005BAF8D /* Parser.m in Sources */ = {isa = PBXBuildFile; fileRef = 14A6F0F612D1FDE6005BAF8D /* Parser.m */; };
		14A9877812D2DB6A001A9A7D /* DurationDetailsCell.m in Sources */ = {isa = PBXBuildFile; fileRef = 14A9877712D2DB6A001A9A7D /* DurationDetailsCell.m */; };
		14A987E412D2E10A001A9A7D /* MessageStreamCellInst.m in Sources */ = {isa = PBXBuildFile; fileRef = 14A987E312D2E10A001A9A7D /* MessageStreamCellInst.m */; };
		14A988AA12D2E9E3001A9A7D /* CustomMessageCell.m in Sources */ = {isa = PBXBuildFile; fileRef = 14A988A912D2E9E3001A9A7D /* CustomMessageCell.m */; };
		14A98C5612D33E96001A9A7D /* CalendarEvent.m in Sources */ = {isa = PBXBuildFile; fileRef = 14A98C5512D33E96001A9A7D /* CalendarEvent.m */; };
		14AD883412EEF56800DDE236 /* StorePhotoInfo.m in Sources */ = {isa = PBXBuildFile; fileRef = 14AD883112EEF56800DDE236 /* StorePhotoInfo.m */; };
		14AD883512EEF56800DDE236 /* StoreImageObj.m in Sources */ = {isa = PBXBuildFile; fileRef = 14AD883312EEF56800DDE236 /* StoreImageObj.m */; };
		14AD887012EEF7A800DDE236 /* CostumImageView.m in Sources */ = {isa = PBXBuildFile; fileRef = 14AD886F12EEF7A800DDE236 /* CostumImageView.m */; };
		14AE696612DD6F5B005B01D4 /* HTTPServicePOSTHandler.m in Sources */ = {isa = PBXBuildFile; fileRef = 14AE696512DD6F5B005B01D4 /* HTTPServicePOSTHandler.m */; };
		14B235AE12F6A01B00B32A22 /* RatingCustomCell.m in Sources */ = {isa = PBXBuildFile; fileRef = 14B235AD12F6A01B00B32A22 /* RatingCustomCell.m */; };
		14B2395B12F6E13800B32A22 /* StoreImageScrollView.m in Sources */ = {isa = PBXBuildFile; fileRef = 14B2395A12F6E13800B32A22 /* StoreImageScrollView.m */; };
		14B90EDB12C1BCD9005E81E7 /* NotificationScreen.m in Sources */ = {isa = PBXBuildFile; fileRef = 14B90ED912C1BCD9005E81E7 /* NotificationScreen.m */; };
		14B90EDC12C1BCD9005E81E7 /* NotificationScreen.xib in Resources */ = {isa = PBXBuildFile; fileRef = 14B90EDA12C1BCD9005E81E7 /* NotificationScreen.xib */; };
		14B9615812D425B6001CDBC4 /* Product.m in Sources */ = {isa = PBXBuildFile; fileRef = 14B9615712D425B6001CDBC4 /* Product.m */; };
		14B9640212D499AC001CDBC4 /* SettingsScreen.m in Sources */ = {isa = PBXBuildFile; fileRef = 14B9640012D499AC001CDBC4 /* SettingsScreen.m */; };
		14B9640312D499AC001CDBC4 /* SettingsScreen.xib in Resources */ = {isa = PBXBuildFile; fileRef = 14B9640112D499AC001CDBC4 /* SettingsScreen.xib */; };
		14BB288C12E559810039DFCD /* NSData+Base64.m in Sources */ = {isa = PBXBuildFile; fileRef = 14BB288B12E559810039DFCD /* NSData+Base64.m */; };
		14BC3B6712DDCF6300B67275 /* CostumCell.m in Sources */ = {isa = PBXBuildFile; fileRef = 14BC3B5D12DDCF6300B67275 /* CostumCell.m */; };
		14BC849112E7F2D90094C052 /* Graph.m in Sources */ = {isa = PBXBuildFile; fileRef = 14BC848C12E7F2D90094C052 /* Graph.m */; };
		14BC849212E7F2D90094C052 /* StoreInfo.m in Sources */ = {isa = PBXBuildFile; fileRef = 14BC848E12E7F2D90094C052 /* StoreInfo.m */; };
		14BC849312E7F2D90094C052 /* Stores_Array.m in Sources */ = {isa = PBXBuildFile; fileRef = 14BC849012E7F2D90094C052 /* Stores_Array.m */; };
		14BC85F412E80A810094C052 /* GetStoreLists.m in Sources */ = {isa = PBXBuildFile; fileRef = 14BC85F312E80A810094C052 /* GetStoreLists.m */; };
		14BC877D12E835E00094C052 /* CalendarCustomCell.m in Sources */ = {isa = PBXBuildFile; fileRef = 14BC877C12E835E00094C052 /* CalendarCustomCell.m */; };
		14BC888D12E842310094C052 /* GuideNoteCustomCell.m in Sources */ = {isa = PBXBuildFile; fileRef = 14BC888C12E842310094C052 /* GuideNoteCustomCell.m */; };
		14C01F64130D45DF00EA700B /* CustomTextView.m in Sources */ = {isa = PBXBuildFile; fileRef = 14C01F63130D45DF00EA700B /* CustomTextView.m */; };
		14C2244F12CB036100DCDA95 /* InstructionMessageStreamCell.m in Sources */ = {isa = PBXBuildFile; fileRef = 14C2244E12CB036100DCDA95 /* InstructionMessageStreamCell.m */; };
		14C224CF12CB0E6C00DCDA95 /* CommentMessageStream.m in Sources */ = {isa = PBXBuildFile; fileRef = 14C224CD12CB0E6C00DCDA95 /* CommentMessageStream.m */; };
		14C224D012CB0E6C00DCDA95 /* CommentMessageStream.xib in Resources */ = {isa = PBXBuildFile; fileRef = 14C224CE12CB0E6C00DCDA95 /* CommentMessageStream.xib */; };
		14C935CC12CC499E00874531 /* HTTPServiceHandler.m in Sources */ = {isa = PBXBuildFile; fileRef = 14C935CB12CC499E00874531 /* HTTPServiceHandler.m */; };
		14C9368312CC846A00874531 /* ImageDownloader.m in Sources */ = {isa = PBXBuildFile; fileRef = 14C9368212CC846A00874531 /* ImageDownloader.m */; };
		14CA982212B8BD4500553BC8 /* NotificationCustomCell.m in Sources */ = {isa = PBXBuildFile; fileRef = 14CA982112B8BD4500553BC8 /* NotificationCustomCell.m */; };
		14CA99B512B8E5A200553BC8 /* MyStoreCustomCell.m in Sources */ = {isa = PBXBuildFile; fileRef = 14CA99B412B8E5A200553BC8 /* MyStoreCustomCell.m */; };
		14CA9A9E12B8F1DB00553BC8 /* InstructionsScreen.m in Sources */ = {isa = PBXBuildFile; fileRef = 14CA9A9C12B8F1DB00553BC8 /* InstructionsScreen.m */; };
		14CA9A9F12B8F1DB00553BC8 /* InstructionsScreen.xib in Resources */ = {isa = PBXBuildFile; fileRef = 14CA9A9D12B8F1DB00553BC8 /* InstructionsScreen.xib */; };
		14D4D73C12FFB56800C0464A /* QuartzCore.framework in Frameworks */ = {isa = PBXBuildFile; fileRef = 14D4D73B12FFB56800C0464A /* QuartzCore.framework */; };
		14D4D7C512FFC02900C0464A /* ExpandView.m in Sources */ = {isa = PBXBuildFile; fileRef = 14D4D7C412FFC02900C0464A /* ExpandView.m */; };
		14D4D91E12FFCEA700C0464A /* CustomPlacementImageView.m in Sources */ = {isa = PBXBuildFile; fileRef = 14D4D91D12FFCEA700C0464A /* CustomPlacementImageView.m */; };
		14D6E1E8130BEF7B00CD1EA2 /* ThumbnailCreater.m in Sources */ = {isa = PBXBuildFile; fileRef = 14D6E1E7130BEF7B00CD1EA2 /* ThumbnailCreater.m */; };
		14DA71B712F28A7D00C39B62 /* ImageScrollView.m in Sources */ = {isa = PBXBuildFile; fileRef = 14DA71B212F28A7D00C39B62 /* ImageScrollView.m */; };
		14DA71B812F28A7D00C39B62 /* PhotoViewController.m in Sources */ = {isa = PBXBuildFile; fileRef = 14DA71B412F28A7D00C39B62 /* PhotoViewController.m */; };
		14DA71B912F28A7D00C39B62 /* TilingView.m in Sources */ = {isa = PBXBuildFile; fileRef = 14DA71B612F28A7D00C39B62 /* TilingView.m */; };
		14DA71C712F28A8C00C39B62 /* QuartzCore.framework in Frameworks */ = {isa = PBXBuildFile; fileRef = 14DA71C612F28A8C00C39B62 /* QuartzCore.framework */; };
		14DA71CB12F28B0300C39B62 /* PhotoViewController.xib in Resources */ = {isa = PBXBuildFile; fileRef = 14DA71CA12F28B0300C39B62 /* PhotoViewController.xib */; };
		14F27D8712E69D7600330318 /* CustomMoviePlayerViewController.m in Sources */ = {isa = PBXBuildFile; fileRef = 14F27D8612E69D7600330318 /* CustomMoviePlayerViewController.m */; };
		14F27DA512E6A19800330318 /* MediaPlayer.framework in Frameworks */ = {isa = PBXBuildFile; fileRef = 14F27DA412E6A19800330318 /* MediaPlayer.framework */; };
		14F27DFE12E6C67500330318 /* GuidesDetails.m in Sources */ = {isa = PBXBuildFile; fileRef = 14F27DFD12E6C67500330318 /* GuidesDetails.m */; };
		14F27E1E12E6E82D00330318 /* GuideDetailsScreen.m in Sources */ = {isa = PBXBuildFile; fileRef = 14F27E1C12E6E82D00330318 /* GuideDetailsScreen.m */; };
		14F27E1F12E6E82D00330318 /* GuideDetailsScreen.xib in Resources */ = {isa = PBXBuildFile; fileRef = 14F27E1D12E6E82D00330318 /* GuideDetailsScreen.xib */; };
		14F27E3B12E6EC3300330318 /* GuidesDetailsCustomCell.m in Sources */ = {isa = PBXBuildFile; fileRef = 14F27E3A12E6EC3300330318 /* GuidesDetailsCustomCell.m */; };
		14F27FE012E7211800330318 /* CalendarTouch.m in Sources */ = {isa = PBXBuildFile; fileRef = 14F27FD812E7211800330318 /* CalendarTouch.m */; };
		14F27FE112E7211800330318 /* CalendarTouchEvent.m in Sources */ = {isa = PBXBuildFile; fileRef = 14F27FDA12E7211800330318 /* CalendarTouchEvent.m */; };
		14F27FE212E7211800330318 /* CalendarTouchEvent.xib in Resources */ = {isa = PBXBuildFile; fileRef = 14F27FDB12E7211800330318 /* CalendarTouchEvent.xib */; };
		14F27FE312E7211800330318 /* CustomCalendarEvent.m in Sources */ = {isa = PBXBuildFile; fileRef = 14F27FDD12E7211800330318 /* CustomCalendarEvent.m */; };
		14F594F71304F18F0011D9BE /* iShopShape.sql in Resources */ = {isa = PBXBuildFile; fileRef = 14F594F61304F18F0011D9BE /* iShopShape.sql */; };
		14F59705130539770011D9BE /* CommentCustomCell.m in Sources */ = {isa = PBXBuildFile; fileRef = 14F59704130539770011D9BE /* CommentCustomCell.m */; };
		14FCC9EA12DAE05D005D122D /* RatingEventHandler.m in Sources */ = {isa = PBXBuildFile; fileRef = 14FCC9E912DAE05D005D122D /* RatingEventHandler.m */; };
		1D3623260D0F684500981E51 /* iShopShapeAppDelegate.m in Sources */ = {isa = PBXBuildFile; fileRef = 1D3623250D0F684500981E51 /* iShopShapeAppDelegate.m */; };
		1D60589B0D05DD56006BFB54 /* main.m in Sources */ = {isa = PBXBuildFile; fileRef = 29B97316FDCFA39411CA2CEA /* main.m */; };
		1D60589F0D05DD5A006BFB54 /* Foundation.framework in Frameworks */ = {isa = PBXBuildFile; fileRef = 1D30AB110D05D00D00671497 /* Foundation.framework */; };
		1DF5F4E00D08C38300B7A737 /* UIKit.framework in Frameworks */ = {isa = PBXBuildFile; fileRef = 1DF5F4DF0D08C38300B7A737 /* UIKit.framework */; };
		288765A50DF7441C002DB57D /* CoreGraphics.framework in Frameworks */ = {isa = PBXBuildFile; fileRef = 288765A40DF7441C002DB57D /* CoreGraphics.framework */; };
		2899E5220DE3E06400AC0155 /* iShopShapeViewController.xib in Resources */ = {isa = PBXBuildFile; fileRef = 2899E5210DE3E06400AC0155 /* iShopShapeViewController.xib */; };
		28AD733F0D9D9553002E5188 /* MainWindow.xib in Resources */ = {isa = PBXBuildFile; fileRef = 28AD733E0D9D9553002E5188 /* MainWindow.xib */; };
		28D7ACF80DDB3853001CB0EB /* iShopShapeViewController.m in Sources */ = {isa = PBXBuildFile; fileRef = 28D7ACF70DDB3853001CB0EB /* iShopShapeViewController.m */; };
/* End PBXBuildFile section */

/* Begin PBXFileReference section */
		14030DB612DC1A7200786EDD /* CustomImageView.h */ = {isa = PBXFileReference; fileEncoding = 4; lastKnownFileType = sourcecode.c.h; path = CustomImageView.h; sourceTree = "<group>"; };
		14030DB712DC1A7200786EDD /* CustomImageView.m */ = {isa = PBXFileReference; fileEncoding = 4; lastKnownFileType = sourcecode.c.objc; path = CustomImageView.m; sourceTree = "<group>"; };
		14030F1712DC334E00786EDD /* CallOutView.h */ = {isa = PBXFileReference; fileEncoding = 4; lastKnownFileType = sourcecode.c.h; path = CallOutView.h; sourceTree = "<group>"; };
		14030F1812DC334E00786EDD /* CallOutView.m */ = {isa = PBXFileReference; fileEncoding = 4; lastKnownFileType = sourcecode.c.objc; path = CallOutView.m; sourceTree = "<group>"; };
		141B2821130E77E7009B7D81 /* PhotoHistoryCountCell.h */ = {isa = PBXFileReference; fileEncoding = 4; lastKnownFileType = sourcecode.c.h; path = PhotoHistoryCountCell.h; sourceTree = "<group>"; };
		141B2822130E77E7009B7D81 /* PhotoHistoryCountCell.m */ = {isa = PBXFileReference; fileEncoding = 4; lastKnownFileType = sourcecode.c.objc; path = PhotoHistoryCountCell.m; sourceTree = "<group>"; };
		141EF2E912BB63980007742A /* Notification.h */ = {isa = PBXFileReference; fileEncoding = 4; lastKnownFileType = sourcecode.c.h; path = Notification.h; sourceTree = "<group>"; };
		141EF2EA12BB63980007742A /* Notification.m */ = {isa = PBXFileReference; fileEncoding = 4; lastKnownFileType = sourcecode.c.objc; path = Notification.m; sourceTree = "<group>"; };
		141EF2EE12BB68C20007742A /* Instruction.h */ = {isa = PBXFileReference; fileEncoding = 4; lastKnownFileType = sourcecode.c.h; path = Instruction.h; sourceTree = "<group>"; };
		141EF2EF12BB68C20007742A /* Instruction.m */ = {isa = PBXFileReference; fileEncoding = 4; lastKnownFileType = sourcecode.c.objc; path = Instruction.m; sourceTree = "<group>"; };
		148646C712D5EDA5005815AC /* NSMutableArray(Reverse).h */ = {isa = PBXFileReference; fileEncoding = 4; lastKnownFileType = sourcecode.c.h; path = "NSMutableArray(Reverse).h"; sourceTree = "<group>"; };
		148646C812D5EDA5005815AC /* NSMutableArray(Reverse).m */ = {isa = PBXFileReference; fileEncoding = 4; lastKnownFileType = sourcecode.c.objc; path = "NSMutableArray(Reverse).m"; sourceTree = "<group>"; };
		148F5FFC12C9E77500AF8BE4 /* EventHandler.h */ = {isa = PBXFileReference; fileEncoding = 4; lastKnownFileType = sourcecode.c.h; path = EventHandler.h; sourceTree = "<group>"; };
		148F5FFD12C9E77500AF8BE4 /* EventHandler.m */ = {isa = PBXFileReference; fileEncoding = 4; lastKnownFileType = sourcecode.c.objc; path = EventHandler.m; sourceTree = "<group>"; };
		14950BDC1308E24800B57CF6 /* ImageDownloaderBackground.h */ = {isa = PBXFileReference; fileEncoding = 4; lastKnownFileType = sourcecode.c.h; path = ImageDownloaderBackground.h; sourceTree = "<group>"; };
		14950BDD1308E24800B57CF6 /* ImageDownloaderBackground.m */ = {isa = PBXFileReference; fileEncoding = 4; lastKnownFileType = sourcecode.c.objc; path = ImageDownloaderBackground.m; sourceTree = "<group>"; };
		1496723012C316C500A490BA /* APNSEventHandler.h */ = {isa = PBXFileReference; fileEncoding = 4; lastKnownFileType = sourcecode.c.h; path = APNSEventHandler.h; sourceTree = "<group>"; };
		1496723112C316C500A490BA /* APNSEventHandler.m */ = {isa = PBXFileReference; fileEncoding = 4; lastKnownFileType = sourcecode.c.objc; path = APNSEventHandler.m; sourceTree = "<group>"; };
		1496723312C316D400A490BA /* InstructionHandler.h */ = {isa = PBXFileReference; fileEncoding = 4; lastKnownFileType = sourcecode.c.h; path = InstructionHandler.h; sourceTree = "<group>"; };
		1496723412C316D400A490BA /* InstructionHandler.m */ = {isa = PBXFileReference; fileEncoding = 4; lastKnownFileType = sourcecode.c.objc; path = InstructionHandler.m; sourceTree = "<group>"; };
		1496723612C316E000A490BA /* NotificationHandler.h */ = {isa = PBXFileReference; fileEncoding = 4; lastKnownFileType = sourcecode.c.h; path = NotificationHandler.h; sourceTree = "<group>"; };
		1496723712C316E000A490BA /* NotificationHandler.m */ = {isa = PBXFileReference; fileEncoding = 4; lastKnownFileType = sourcecode.c.objc; path = NotificationHandler.m; sourceTree = "<group>"; };
		1496723A12C3171300A490BA /* GuideHandler.h */ = {isa = PBXFileReference; fileEncoding = 4; lastKnownFileType = sourcecode.c.h; path = GuideHandler.h; sourceTree = "<group>"; };
		1496723B12C3171300A490BA /* GuideHandler.m */ = {isa = PBXFileReference; fileEncoding = 4; lastKnownFileType = sourcecode.c.objc; path = GuideHandler.m; sourceTree = "<group>"; };
		1496724712C3183200A490BA /* MessageStreamScreen.h */ = {isa = PBXFileReference; fileEncoding = 4; lastKnownFileType = sourcecode.c.h; path = MessageStreamScreen.h; sourceTree = "<group>"; };
		1496724812C3183200A490BA /* MessageStreamScreen.m */ = {isa = PBXFileReference; fileEncoding = 4; lastKnownFileType = sourcecode.c.objc; path = MessageStreamScreen.m; sourceTree = "<group>"; };
		1496724912C3183200A490BA /* MessageStreamScreen.xib */ = {isa = PBXFileReference; lastKnownFileType = file.xib; path = MessageStreamScreen.xib; sourceTree = "<group>"; };
		1496725912C3195100A490BA /* CalendarScreen.h */ = {isa = PBXFileReference; fileEncoding = 4; lastKnownFileType = sourcecode.c.h; path = CalendarScreen.h; sourceTree = "<group>"; };
		1496725A12C3195100A490BA /* CalendarScreen.m */ = {isa = PBXFileReference; fileEncoding = 4; lastKnownFileType = sourcecode.c.objc; path = CalendarScreen.m; sourceTree = "<group>"; };
		1496725B12C3195100A490BA /* CalendarScreen.xib */ = {isa = PBXFileReference; lastKnownFileType = file.xib; path = CalendarScreen.xib; sourceTree = "<group>"; };
		1496725F12C31B3700A490BA /* CommunityScreen.h */ = {isa = PBXFileReference; fileEncoding = 4; lastKnownFileType = sourcecode.c.h; path = CommunityScreen.h; sourceTree = "<group>"; };
		1496726012C31B3700A490BA /* CommunityScreen.m */ = {isa = PBXFileReference; fileEncoding = 4; lastKnownFileType = sourcecode.c.objc; path = CommunityScreen.m; sourceTree = "<group>"; };
		1496726112C31B3700A490BA /* CommunityScreen.xib */ = {isa = PBXFileReference; lastKnownFileType = file.xib; path = CommunityScreen.xib; sourceTree = "<group>"; };
		1496726712C31DE400A490BA /* MyStoreScreen.h */ = {isa = PBXFileReference; fileEncoding = 4; lastKnownFileType = sourcecode.c.h; path = MyStoreScreen.h; sourceTree = "<group>"; };
		1496726812C31DE400A490BA /* MyStoreScreen.m */ = {isa = PBXFileReference; fileEncoding = 4; lastKnownFileType = sourcecode.c.objc; path = MyStoreScreen.m; sourceTree = "<group>"; };
		1496726912C31DE400A490BA /* MyStoreScreen.xib */ = {isa = PBXFileReference; lastKnownFileType = file.xib; path = MyStoreScreen.xib; sourceTree = "<group>"; };
		14974D6612E1A440001076E6 /* NotificationStatus.h */ = {isa = PBXFileReference; fileEncoding = 4; lastKnownFileType = sourcecode.c.h; path = NotificationStatus.h; sourceTree = "<group>"; };
		14974D6712E1A440001076E6 /* NotificationStatus.m */ = {isa = PBXFileReference; fileEncoding = 4; lastKnownFileType = sourcecode.c.objc; path = NotificationStatus.m; sourceTree = "<group>"; };
		149773C712BF2FF700207DC5 /* GuidesScreen.h */ = {isa = PBXFileReference; fileEncoding = 4; lastKnownFileType = sourcecode.c.h; path = GuidesScreen.h; sourceTree = "<group>"; };
		149773C812BF2FF700207DC5 /* GuidesScreen.m */ = {isa = PBXFileReference; fileEncoding = 4; lastKnownFileType = sourcecode.c.objc; path = GuidesScreen.m; sourceTree = "<group>"; };
		149773C912BF2FF700207DC5 /* GuidesScreen.xib */ = {isa = PBXFileReference; lastKnownFileType = file.xib; path = GuidesScreen.xib; sourceTree = "<group>"; };
		1497740812BF32D500207DC5 /* GuidesCustomCell.h */ = {isa = PBXFileReference; fileEncoding = 4; lastKnownFileType = sourcecode.c.h; path = GuidesCustomCell.h; sourceTree = "<group>"; };
		1497740912BF32D500207DC5 /* GuidesCustomCell.m */ = {isa = PBXFileReference; fileEncoding = 4; lastKnownFileType = sourcecode.c.objc; path = GuidesCustomCell.m; sourceTree = "<group>"; };
		1497745412BF39AC00207DC5 /* Guides.h */ = {isa = PBXFileReference; fileEncoding = 4; lastKnownFileType = sourcecode.c.h; path = Guides.h; sourceTree = "<group>"; };
		1497745512BF39AC00207DC5 /* Guides.m */ = {isa = PBXFileReference; fileEncoding = 4; lastKnownFileType = sourcecode.c.objc; path = Guides.m; sourceTree = "<group>"; };
		1497747B12BF4B3700207DC5 /* InstructionDetailsScreen.h */ = {isa = PBXFileReference; fileEncoding = 4; lastKnownFileType = sourcecode.c.h; path = InstructionDetailsScreen.h; sourceTree = "<group>"; };
		1497747C12BF4B3700207DC5 /* InstructionDetailsScreen.m */ = {isa = PBXFileReference; fileEncoding = 4; lastKnownFileType = sourcecode.c.objc; path = InstructionDetailsScreen.m; sourceTree = "<group>"; };
		1497747D12BF4B3700207DC5 /* InstructionDetailsScreen.xib */ = {isa = PBXFileReference; lastKnownFileType = file.xib; path = InstructionDetailsScreen.xib; sourceTree = "<group>"; };
		1497749812BF584600207DC5 /* ConfigReader.h */ = {isa = PBXFileReference; fileEncoding = 4; lastKnownFileType = sourcecode.c.h; path = ConfigReader.h; sourceTree = "<group>"; };
		1497749912BF584600207DC5 /* ConfigReader.m */ = {isa = PBXFileReference; fileEncoding = 4; lastKnownFileType = sourcecode.c.objc; path = ConfigReader.m; sourceTree = "<group>"; };
		1497749A12BF584600207DC5 /* Logger.h */ = {isa = PBXFileReference; fileEncoding = 4; lastKnownFileType = sourcecode.c.h; path = Logger.h; sourceTree = "<group>"; };
		1497749B12BF584600207DC5 /* Logger.m */ = {isa = PBXFileReference; fileEncoding = 4; lastKnownFileType = sourcecode.c.objc; path = Logger.m; sourceTree = "<group>"; };
		149774AB12BF587100207DC5 /* Config.plist */ = {isa = PBXFileReference; fileEncoding = 4; lastKnownFileType = text.plist.xml; path = Config.plist; sourceTree = "<group>"; };
		1497754712BF7FB100207DC5 /* Reachability.h */ = {isa = PBXFileReference; fileEncoding = 4; lastKnownFileType = sourcecode.c.h; path = Reachability.h; sourceTree = "<group>"; };
		1497754812BF7FB100207DC5 /* Reachability.m */ = {isa = PBXFileReference; fileEncoding = 4; lastKnownFileType = sourcecode.c.objc; path = Reachability.m; sourceTree = "<group>"; };
		1497755312BF7FE900207DC5 /* CFNetwork.framework */ = {isa = PBXFileReference; lastKnownFileType = wrapper.framework; name = CFNetwork.framework; path = System/Library/Frameworks/CFNetwork.framework; sourceTree = SDKROOT; };
		1497757112BF803500207DC5 /* SystemConfiguration.framework */ = {isa = PBXFileReference; lastKnownFileType = wrapper.framework; name = SystemConfiguration.framework; path = System/Library/Frameworks/SystemConfiguration.framework; sourceTree = SDKROOT; };
		149BE34912B9CD1700634311 /* InstructionsCutomCell.h */ = {isa = PBXFileReference; fileEncoding = 4; lastKnownFileType = sourcecode.c.h; path = InstructionsCutomCell.h; sourceTree = "<group>"; };
		149BE34A12B9CD1700634311 /* InstructionsCutomCell.m */ = {isa = PBXFileReference; fileEncoding = 4; lastKnownFileType = sourcecode.c.objc; path = InstructionsCutomCell.m; sourceTree = "<group>"; };
		149C544D12FA8D70002403E8 /* PhotoHistory.h */ = {isa = PBXFileReference; fileEncoding = 4; lastKnownFileType = sourcecode.c.h; path = PhotoHistory.h; sourceTree = "<group>"; };
		149C544E12FA8D70002403E8 /* PhotoHistory.m */ = {isa = PBXFileReference; fileEncoding = 4; lastKnownFileType = sourcecode.c.objc; path = PhotoHistory.m; sourceTree = "<group>"; };
		149C544F12FA8D70002403E8 /* PhotoHistory.xib */ = {isa = PBXFileReference; lastKnownFileType = file.xib; path = PhotoHistory.xib; sourceTree = "<group>"; };
		149DF05712F91CB600DAFB46 /* PlacementImageScrollView.h */ = {isa = PBXFileReference; fileEncoding = 4; lastKnownFileType = sourcecode.c.h; path = PlacementImageScrollView.h; sourceTree = "<group>"; };
		149DF05812F91CB600DAFB46 /* PlacementImageScrollView.m */ = {isa = PBXFileReference; fileEncoding = 4; lastKnownFileType = sourcecode.c.objc; path = PlacementImageScrollView.m; sourceTree = "<group>"; };
		149F5EAF12F7E01100402A8C /* HPGrowingTextView.h */ = {isa = PBXFileReference; fileEncoding = 4; lastKnownFileType = sourcecode.c.h; path = HPGrowingTextView.h; sourceTree = "<group>"; };
		149F5EB012F7E01100402A8C /* HPGrowingTextView.m */ = {isa = PBXFileReference; fileEncoding = 4; lastKnownFileType = sourcecode.c.objc; path = HPGrowingTextView.m; sourceTree = "<group>"; };
		149F5EB112F7E01100402A8C /* HPTextViewInternal.h */ = {isa = PBXFileReference; fileEncoding = 4; lastKnownFileType = sourcecode.c.h; path = HPTextViewInternal.h; sourceTree = "<group>"; };
		149F5EB212F7E01100402A8C /* HPTextViewInternal.m */ = {isa = PBXFileReference; fileEncoding = 4; lastKnownFileType = sourcecode.c.objc; path = HPTextViewInternal.m; sourceTree = "<group>"; };
		14A0CD7812C84C5D009CD33F /* RatingsScreen.h */ = {isa = PBXFileReference; fileEncoding = 4; lastKnownFileType = sourcecode.c.h; path = RatingsScreen.h; sourceTree = "<group>"; };
		14A0CD7912C84C5D009CD33F /* RatingsScreen.m */ = {isa = PBXFileReference; fileEncoding = 4; lastKnownFileType = sourcecode.c.objc; path = RatingsScreen.m; sourceTree = "<group>"; };
		14A0CD7A12C84C5D009CD33F /* RatingsScreen.xib */ = {isa = PBXFileReference; lastKnownFileType = file.xib; path = RatingsScreen.xib; sourceTree = "<group>"; };
		14A0CD8312C84E7C009CD33F /* StoreLayoutScreen.h */ = {isa = PBXFileReference; fileEncoding = 4; lastKnownFileType = sourcecode.c.h; path = StoreLayoutScreen.h; sourceTree = "<group>"; };
		14A0CD8412C84E7C009CD33F /* StoreLayoutScreen.m */ = {isa = PBXFileReference; fileEncoding = 4; lastKnownFileType = sourcecode.c.objc; path = StoreLayoutScreen.m; sourceTree = "<group>"; };
		14A0CD8512C84E7C009CD33F /* StoreLayoutScreen.xib */ = {isa = PBXFileReference; lastKnownFileType = file.xib; path = StoreLayoutScreen.xib; sourceTree = "<group>"; };
		14A0CD9C12C851BC009CD33F /* NotificationTableCell.h */ = {isa = PBXFileReference; fileEncoding = 4; lastKnownFileType = sourcecode.c.h; path = NotificationTableCell.h; sourceTree = "<group>"; };
		14A0CD9D12C851BC009CD33F /* NotificationTableCell.m */ = {isa = PBXFileReference; fileEncoding = 4; lastKnownFileType = sourcecode.c.objc; path = NotificationTableCell.m; sourceTree = "<group>"; };
		14A0CE3712C87867009CD33F /* StyleCustomCell.h */ = {isa = PBXFileReference; fileEncoding = 4; lastKnownFileType = sourcecode.c.h; path = StyleCustomCell.h; sourceTree = "<group>"; };
		14A0CE3812C87867009CD33F /* StyleCustomCell.m */ = {isa = PBXFileReference; fileEncoding = 4; lastKnownFileType = sourcecode.c.objc; path = StyleCustomCell.m; sourceTree = "<group>"; };
		14A0CE3A12C87887009CD33F /* InstructionImageCustomCell.h */ = {isa = PBXFileReference; fileEncoding = 4; lastKnownFileType = sourcecode.c.h; path = InstructionImageCustomCell.h; sourceTree = "<group>"; };
		14A0CE3B12C87887009CD33F /* InstructionImageCustomCell.m */ = {isa = PBXFileReference; fileEncoding = 4; lastKnownFileType = sourcecode.c.objc; path = InstructionImageCustomCell.m; sourceTree = "<group>"; };
		14A0CF5612C89C40009CD33F /* PlacementsScreen.h */ = {isa = PBXFileReference; fileEncoding = 4; lastKnownFileType = sourcecode.c.h; path = PlacementsScreen.h; sourceTree = "<group>"; };
		14A0CF5712C89C40009CD33F /* PlacementsScreen.m */ = {isa = PBXFileReference; fileEncoding = 4; lastKnownFileType = sourcecode.c.objc; path = PlacementsScreen.m; sourceTree = "<group>"; };
		14A0CF5812C89C40009CD33F /* PlacementsScreen.xib */ = {isa = PBXFileReference; lastKnownFileType = file.xib; path = PlacementsScreen.xib; sourceTree = "<group>"; };
		14A6EE3A12D1995D005BAF8D /* DatabaseHandler.h */ = {isa = PBXFileReference; fileEncoding = 4; lastKnownFileType = sourcecode.c.h; path = DatabaseHandler.h; sourceTree = "<group>"; };
		14A6EE3B12D1995D005BAF8D /* DatabaseHandler.m */ = {isa = PBXFileReference; fileEncoding = 4; lastKnownFileType = sourcecode.c.objc; path = DatabaseHandler.m; sourceTree = "<group>"; };
		14A6EE4712D1997F005BAF8D /* libsqlite3.dylib */ = {isa = PBXFileReference; lastKnownFileType = "compiled.mach-o.dylib"; name = libsqlite3.dylib; path = usr/lib/libsqlite3.dylib; sourceTree = SDKROOT; };
		14A6F0C412D1F974005BAF8D /* JSON.h */ = {isa = PBXFileReference; fileEncoding = 4; lastKnownFileType = sourcecode.c.h; path = JSON.h; sourceTree = "<group>"; };
		14A6F0C512D1F974005BAF8D /* NSObject+SBJSON.h */ = {isa = PBXFileReference; fileEncoding = 4; lastKnownFileType = sourcecode.c.h; path = "NSObject+SBJSON.h"; sourceTree = "<group>"; };
		14A6F0C612D1F974005BAF8D /* NSObject+SBJSON.m */ = {isa = PBXFileReference; fileEncoding = 4; lastKnownFileType = sourcecode.c.objc; path = "NSObject+SBJSON.m"; sourceTree = "<group>"; };
		14A6F0C712D1F974005BAF8D /* NSString+SBJSON.h */ = {isa = PBXFileReference; fileEncoding = 4; lastKnownFileType = sourcecode.c.h; path = "NSString+SBJSON.h"; sourceTree = "<group>"; };
		14A6F0C812D1F974005BAF8D /* NSString+SBJSON.m */ = {isa = PBXFileReference; fileEncoding = 4; lastKnownFileType = sourcecode.c.objc; path = "NSString+SBJSON.m"; sourceTree = "<group>"; };
		14A6F0C912D1F974005BAF8D /* SBJSON.h */ = {isa = PBXFileReference; fileEncoding = 4; lastKnownFileType = sourcecode.c.h; path = SBJSON.h; sourceTree = "<group>"; };
		14A6F0CA12D1F974005BAF8D /* SBJSON.m */ = {isa = PBXFileReference; fileEncoding = 4; lastKnownFileType = sourcecode.c.objc; path = SBJSON.m; sourceTree = "<group>"; };
		14A6F0CB12D1F974005BAF8D /* SBJsonBase.h */ = {isa = PBXFileReference; fileEncoding = 4; lastKnownFileType = sourcecode.c.h; path = SBJsonBase.h; sourceTree = "<group>"; };
		14A6F0CC12D1F974005BAF8D /* SBJsonBase.m */ = {isa = PBXFileReference; fileEncoding = 4; lastKnownFileType = sourcecode.c.objc; path = SBJsonBase.m; sourceTree = "<group>"; };
		14A6F0CD12D1F974005BAF8D /* SBJsonParser.h */ = {isa = PBXFileReference; fileEncoding = 4; lastKnownFileType = sourcecode.c.h; path = SBJsonParser.h; sourceTree = "<group>"; };
		14A6F0CE12D1F974005BAF8D /* SBJsonParser.m */ = {isa = PBXFileReference; fileEncoding = 4; lastKnownFileType = sourcecode.c.objc; path = SBJsonParser.m; sourceTree = "<group>"; };
		14A6F0CF12D1F974005BAF8D /* SBJsonWriter.h */ = {isa = PBXFileReference; fileEncoding = 4; lastKnownFileType = sourcecode.c.h; path = SBJsonWriter.h; sourceTree = "<group>"; };
		14A6F0D012D1F974005BAF8D /* SBJsonWriter.m */ = {isa = PBXFileReference; fileEncoding = 4; lastKnownFileType = sourcecode.c.objc; path = SBJsonWriter.m; sourceTree = "<group>"; };
		14A6F0F512D1FDE6005BAF8D /* Parser.h */ = {isa = PBXFileReference; fileEncoding = 4; lastKnownFileType = sourcecode.c.h; path = Parser.h; sourceTree = "<group>"; };
		14A6F0F612D1FDE6005BAF8D /* Parser.m */ = {isa = PBXFileReference; fileEncoding = 4; lastKnownFileType = sourcecode.c.objc; path = Parser.m; sourceTree = "<group>"; };
		14A9877612D2DB6A001A9A7D /* DurationDetailsCell.h */ = {isa = PBXFileReference; fileEncoding = 4; lastKnownFileType = sourcecode.c.h; path = DurationDetailsCell.h; sourceTree = "<group>"; };
		14A9877712D2DB6A001A9A7D /* DurationDetailsCell.m */ = {isa = PBXFileReference; fileEncoding = 4; lastKnownFileType = sourcecode.c.objc; path = DurationDetailsCell.m; sourceTree = "<group>"; };
		14A987E212D2E10A001A9A7D /* MessageStreamCellInst.h */ = {isa = PBXFileReference; fileEncoding = 4; lastKnownFileType = sourcecode.c.h; path = MessageStreamCellInst.h; sourceTree = "<group>"; };
		14A987E312D2E10A001A9A7D /* MessageStreamCellInst.m */ = {isa = PBXFileReference; fileEncoding = 4; lastKnownFileType = sourcecode.c.objc; path = MessageStreamCellInst.m; sourceTree = "<group>"; };
		14A988A812D2E9E3001A9A7D /* CustomMessageCell.h */ = {isa = PBXFileReference; fileEncoding = 4; lastKnownFileType = sourcecode.c.h; path = CustomMessageCell.h; sourceTree = "<group>"; };
		14A988A912D2E9E3001A9A7D /* CustomMessageCell.m */ = {isa = PBXFileReference; fileEncoding = 4; lastKnownFileType = sourcecode.c.objc; path = CustomMessageCell.m; sourceTree = "<group>"; };
		14A98C5412D33E96001A9A7D /* CalendarEvent.h */ = {isa = PBXFileReference; fileEncoding = 4; lastKnownFileType = sourcecode.c.h; path = CalendarEvent.h; sourceTree = "<group>"; };
		14A98C5512D33E96001A9A7D /* CalendarEvent.m */ = {isa = PBXFileReference; fileEncoding = 4; lastKnownFileType = sourcecode.c.objc; path = CalendarEvent.m; sourceTree = "<group>"; };
		14AD883012EEF56800DDE236 /* StorePhotoInfo.h */ = {isa = PBXFileReference; fileEncoding = 4; lastKnownFileType = sourcecode.c.h; path = StorePhotoInfo.h; sourceTree = "<group>"; };
		14AD883112EEF56800DDE236 /* StorePhotoInfo.m */ = {isa = PBXFileReference; fileEncoding = 4; lastKnownFileType = sourcecode.c.objc; path = StorePhotoInfo.m; sourceTree = "<group>"; };
		14AD883212EEF56800DDE236 /* StoreImageObj.h */ = {isa = PBXFileReference; fileEncoding = 4; lastKnownFileType = sourcecode.c.h; path = StoreImageObj.h; sourceTree = "<group>"; };
		14AD883312EEF56800DDE236 /* StoreImageObj.m */ = {isa = PBXFileReference; fileEncoding = 4; lastKnownFileType = sourcecode.c.objc; path = StoreImageObj.m; sourceTree = "<group>"; };
		14AD886E12EEF7A800DDE236 /* CostumImageView.h */ = {isa = PBXFileReference; fileEncoding = 4; lastKnownFileType = sourcecode.c.h; path = CostumImageView.h; sourceTree = "<group>"; };
		14AD886F12EEF7A800DDE236 /* CostumImageView.m */ = {isa = PBXFileReference; fileEncoding = 4; lastKnownFileType = sourcecode.c.objc; path = CostumImageView.m; sourceTree = "<group>"; };
		14AE696412DD6F5B005B01D4 /* HTTPServicePOSTHandler.h */ = {isa = PBXFileReference; fileEncoding = 4; lastKnownFileType = sourcecode.c.h; path = HTTPServicePOSTHandler.h; sourceTree = "<group>"; };
		14AE696512DD6F5B005B01D4 /* HTTPServicePOSTHandler.m */ = {isa = PBXFileReference; fileEncoding = 4; lastKnownFileType = sourcecode.c.objc; path = HTTPServicePOSTHandler.m; sourceTree = "<group>"; };
		14B235AC12F6A01B00B32A22 /* RatingCustomCell.h */ = {isa = PBXFileReference; fileEncoding = 4; lastKnownFileType = sourcecode.c.h; path = RatingCustomCell.h; sourceTree = "<group>"; };
		14B235AD12F6A01B00B32A22 /* RatingCustomCell.m */ = {isa = PBXFileReference; fileEncoding = 4; lastKnownFileType = sourcecode.c.objc; path = RatingCustomCell.m; sourceTree = "<group>"; };
		14B2395912F6E13800B32A22 /* StoreImageScrollView.h */ = {isa = PBXFileReference; fileEncoding = 4; lastKnownFileType = sourcecode.c.h; path = StoreImageScrollView.h; sourceTree = "<group>"; };
		14B2395A12F6E13800B32A22 /* StoreImageScrollView.m */ = {isa = PBXFileReference; fileEncoding = 4; lastKnownFileType = sourcecode.c.objc; path = StoreImageScrollView.m; sourceTree = "<group>"; };
		14B90ED812C1BCD9005E81E7 /* NotificationScreen.h */ = {isa = PBXFileReference; fileEncoding = 4; lastKnownFileType = sourcecode.c.h; path = NotificationScreen.h; sourceTree = "<group>"; };
		14B90ED912C1BCD9005E81E7 /* NotificationScreen.m */ = {isa = PBXFileReference; fileEncoding = 4; lastKnownFileType = sourcecode.c.objc; path = NotificationScreen.m; sourceTree = "<group>"; };
		14B90EDA12C1BCD9005E81E7 /* NotificationScreen.xib */ = {isa = PBXFileReference; lastKnownFileType = file.xib; path = NotificationScreen.xib; sourceTree = "<group>"; };
		14B9615612D425B6001CDBC4 /* Product.h */ = {isa = PBXFileReference; fileEncoding = 4; lastKnownFileType = sourcecode.c.h; path = Product.h; sourceTree = "<group>"; };
		14B9615712D425B6001CDBC4 /* Product.m */ = {isa = PBXFileReference; fileEncoding = 4; lastKnownFileType = sourcecode.c.objc; path = Product.m; sourceTree = "<group>"; };
		14B963FF12D499AC001CDBC4 /* SettingsScreen.h */ = {isa = PBXFileReference; fileEncoding = 4; lastKnownFileType = sourcecode.c.h; path = SettingsScreen.h; sourceTree = "<group>"; };
		14B9640012D499AC001CDBC4 /* SettingsScreen.m */ = {isa = PBXFileReference; fileEncoding = 4; lastKnownFileType = sourcecode.c.objc; path = SettingsScreen.m; sourceTree = "<group>"; };
		14B9640112D499AC001CDBC4 /* SettingsScreen.xib */ = {isa = PBXFileReference; lastKnownFileType = file.xib; path = SettingsScreen.xib; sourceTree = "<group>"; };
		14BB288A12E559810039DFCD /* NSData+Base64.h */ = {isa = PBXFileReference; fileEncoding = 4; lastKnownFileType = sourcecode.c.h; path = "NSData+Base64.h"; sourceTree = "<group>"; };
		14BB288B12E559810039DFCD /* NSData+Base64.m */ = {isa = PBXFileReference; fileEncoding = 4; lastKnownFileType = sourcecode.c.objc; path = "NSData+Base64.m"; sourceTree = "<group>"; };
		14BC3B5C12DDCF6300B67275 /* CostumCell.h */ = {isa = PBXFileReference; fileEncoding = 4; lastKnownFileType = sourcecode.c.h; path = CostumCell.h; sourceTree = "<group>"; };
		14BC3B5D12DDCF6300B67275 /* CostumCell.m */ = {isa = PBXFileReference; fileEncoding = 4; lastKnownFileType = sourcecode.c.objc; path = CostumCell.m; sourceTree = "<group>"; };
		14BC848B12E7F2D90094C052 /* Graph.h */ = {isa = PBXFileReference; fileEncoding = 4; lastKnownFileType = sourcecode.c.h; path = Graph.h; sourceTree = "<group>"; };
		14BC848C12E7F2D90094C052 /* Graph.m */ = {isa = PBXFileReference; fileEncoding = 4; lastKnownFileType = sourcecode.c.objc; path = Graph.m; sourceTree = "<group>"; };
		14BC848D12E7F2D90094C052 /* StoreInfo.h */ = {isa = PBXFileReference; fileEncoding = 4; lastKnownFileType = sourcecode.c.h; path = StoreInfo.h; sourceTree = "<group>"; };
		14BC848E12E7F2D90094C052 /* StoreInfo.m */ = {isa = PBXFileReference; fileEncoding = 4; lastKnownFileType = sourcecode.c.objc; path = StoreInfo.m; sourceTree = "<group>"; };
		14BC848F12E7F2D90094C052 /* Stores_Array.h */ = {isa = PBXFileReference; fileEncoding = 4; lastKnownFileType = sourcecode.c.h; path = Stores_Array.h; sourceTree = "<group>"; };
		14BC849012E7F2D90094C052 /* Stores_Array.m */ = {isa = PBXFileReference; fileEncoding = 4; lastKnownFileType = sourcecode.c.objc; path = Stores_Array.m; sourceTree = "<group>"; };
		14BC85F212E80A810094C052 /* GetStoreLists.h */ = {isa = PBXFileReference; fileEncoding = 4; lastKnownFileType = sourcecode.c.h; path = GetStoreLists.h; sourceTree = "<group>"; };
		14BC85F312E80A810094C052 /* GetStoreLists.m */ = {isa = PBXFileReference; fileEncoding = 4; lastKnownFileType = sourcecode.c.objc; path = GetStoreLists.m; sourceTree = "<group>"; };
		14BC877B12E835E00094C052 /* CalendarCustomCell.h */ = {isa = PBXFileReference; fileEncoding = 4; lastKnownFileType = sourcecode.c.h; path = CalendarCustomCell.h; sourceTree = "<group>"; };
		14BC877C12E835E00094C052 /* CalendarCustomCell.m */ = {isa = PBXFileReference; fileEncoding = 4; lastKnownFileType = sourcecode.c.objc; path = CalendarCustomCell.m; sourceTree = "<group>"; };
		14BC888B12E842310094C052 /* GuideNoteCustomCell.h */ = {isa = PBXFileReference; fileEncoding = 4; lastKnownFileType = sourcecode.c.h; path = GuideNoteCustomCell.h; sourceTree = "<group>"; };
		14BC888C12E842310094C052 /* GuideNoteCustomCell.m */ = {isa = PBXFileReference; fileEncoding = 4; lastKnownFileType = sourcecode.c.objc; path = GuideNoteCustomCell.m; sourceTree = "<group>"; };
		14C01F62130D45DF00EA700B /* CustomTextView.h */ = {isa = PBXFileReference; fileEncoding = 4; lastKnownFileType = sourcecode.c.h; path = CustomTextView.h; sourceTree = "<group>"; };
		14C01F63130D45DF00EA700B /* CustomTextView.m */ = {isa = PBXFileReference; fileEncoding = 4; lastKnownFileType = sourcecode.c.objc; path = CustomTextView.m; sourceTree = "<group>"; };
		14C2244D12CB036100DCDA95 /* InstructionMessageStreamCell.h */ = {isa = PBXFileReference; fileEncoding = 4; lastKnownFileType = sourcecode.c.h; path = InstructionMessageStreamCell.h; sourceTree = "<group>"; };
		14C2244E12CB036100DCDA95 /* InstructionMessageStreamCell.m */ = {isa = PBXFileReference; fileEncoding = 4; lastKnownFileType = sourcecode.c.objc; path = InstructionMessageStreamCell.m; sourceTree = "<group>"; };
		14C224CC12CB0E6C00DCDA95 /* CommentMessageStream.h */ = {isa = PBXFileReference; fileEncoding = 4; lastKnownFileType = sourcecode.c.h; path = CommentMessageStream.h; sourceTree = "<group>"; };
		14C224CD12CB0E6C00DCDA95 /* CommentMessageStream.m */ = {isa = PBXFileReference; fileEncoding = 4; lastKnownFileType = sourcecode.c.objc; path = CommentMessageStream.m; sourceTree = "<group>"; };
		14C224CE12CB0E6C00DCDA95 /* CommentMessageStream.xib */ = {isa = PBXFileReference; lastKnownFileType = file.xib; path = CommentMessageStream.xib; sourceTree = "<group>"; };
		14C935CA12CC499E00874531 /* HTTPServiceHandler.h */ = {isa = PBXFileReference; fileEncoding = 4; lastKnownFileType = sourcecode.c.h; path = HTTPServiceHandler.h; sourceTree = "<group>"; };
		14C935CB12CC499E00874531 /* HTTPServiceHandler.m */ = {isa = PBXFileReference; fileEncoding = 4; lastKnownFileType = sourcecode.c.objc; path = HTTPServiceHandler.m; sourceTree = "<group>"; };
		14C9368112CC846A00874531 /* ImageDownloader.h */ = {isa = PBXFileReference; fileEncoding = 4; lastKnownFileType = sourcecode.c.h; path = ImageDownloader.h; sourceTree = "<group>"; };
		14C9368212CC846A00874531 /* ImageDownloader.m */ = {isa = PBXFileReference; fileEncoding = 4; lastKnownFileType = sourcecode.c.objc; path = ImageDownloader.m; sourceTree = "<group>"; };
		14CA982012B8BD4500553BC8 /* NotificationCustomCell.h */ = {isa = PBXFileReference; fileEncoding = 4; lastKnownFileType = sourcecode.c.h; path = NotificationCustomCell.h; sourceTree = "<group>"; };
		14CA982112B8BD4500553BC8 /* NotificationCustomCell.m */ = {isa = PBXFileReference; fileEncoding = 4; lastKnownFileType = sourcecode.c.objc; path = NotificationCustomCell.m; sourceTree = "<group>"; };
		14CA99B312B8E5A200553BC8 /* MyStoreCustomCell.h */ = {isa = PBXFileReference; fileEncoding = 4; lastKnownFileType = sourcecode.c.h; path = MyStoreCustomCell.h; sourceTree = "<group>"; };
		14CA99B412B8E5A200553BC8 /* MyStoreCustomCell.m */ = {isa = PBXFileReference; fileEncoding = 4; lastKnownFileType = sourcecode.c.objc; path = MyStoreCustomCell.m; sourceTree = "<group>"; };
		14CA9A9B12B8F1DB00553BC8 /* InstructionsScreen.h */ = {isa = PBXFileReference; fileEncoding = 4; lastKnownFileType = sourcecode.c.h; path = InstructionsScreen.h; sourceTree = "<group>"; };
		14CA9A9C12B8F1DB00553BC8 /* InstructionsScreen.m */ = {isa = PBXFileReference; fileEncoding = 4; lastKnownFileType = sourcecode.c.objc; path = InstructionsScreen.m; sourceTree = "<group>"; };
		14CA9A9D12B8F1DB00553BC8 /* InstructionsScreen.xib */ = {isa = PBXFileReference; lastKnownFileType = file.xib; path = InstructionsScreen.xib; sourceTree = "<group>"; };
		14D4D73B12FFB56800C0464A /* QuartzCore.framework */ = {isa = PBXFileReference; lastKnownFileType = wrapper.framework; name = QuartzCore.framework; path = /System/Library/Frameworks/QuartzCore.framework; sourceTree = "<absolute>"; };
		14D4D7C312FFC02900C0464A /* ExpandView.h */ = {isa = PBXFileReference; fileEncoding = 4; lastKnownFileType = sourcecode.c.h; path = ExpandView.h; sourceTree = "<group>"; };
		14D4D7C412FFC02900C0464A /* ExpandView.m */ = {isa = PBXFileReference; fileEncoding = 4; lastKnownFileType = sourcecode.c.objc; path = ExpandView.m; sourceTree = "<group>"; };
		14D4D91C12FFCEA700C0464A /* CustomPlacementImageView.h */ = {isa = PBXFileReference; fileEncoding = 4; lastKnownFileType = sourcecode.c.h; path = CustomPlacementImageView.h; sourceTree = "<group>"; };
		14D4D91D12FFCEA700C0464A /* CustomPlacementImageView.m */ = {isa = PBXFileReference; fileEncoding = 4; lastKnownFileType = sourcecode.c.objc; path = CustomPlacementImageView.m; sourceTree = "<group>"; };
		14D6E1E6130BEF7B00CD1EA2 /* ThumbnailCreater.h */ = {isa = PBXFileReference; fileEncoding = 4; lastKnownFileType = sourcecode.c.h; path = ThumbnailCreater.h; sourceTree = "<group>"; };
		14D6E1E7130BEF7B00CD1EA2 /* ThumbnailCreater.m */ = {isa = PBXFileReference; fileEncoding = 4; lastKnownFileType = sourcecode.c.objc; path = ThumbnailCreater.m; sourceTree = "<group>"; };
		14DA71B112F28A7D00C39B62 /* ImageScrollView.h */ = {isa = PBXFileReference; fileEncoding = 4; lastKnownFileType = sourcecode.c.h; path = ImageScrollView.h; sourceTree = "<group>"; };
		14DA71B212F28A7D00C39B62 /* ImageScrollView.m */ = {isa = PBXFileReference; fileEncoding = 4; lastKnownFileType = sourcecode.c.objc; path = ImageScrollView.m; sourceTree = "<group>"; };
		14DA71B312F28A7D00C39B62 /* PhotoViewController.h */ = {isa = PBXFileReference; fileEncoding = 4; lastKnownFileType = sourcecode.c.h; path = PhotoViewController.h; sourceTree = "<group>"; };
		14DA71B412F28A7D00C39B62 /* PhotoViewController.m */ = {isa = PBXFileReference; fileEncoding = 4; lastKnownFileType = sourcecode.c.objc; path = PhotoViewController.m; sourceTree = "<group>"; };
		14DA71B512F28A7D00C39B62 /* TilingView.h */ = {isa = PBXFileReference; fileEncoding = 4; lastKnownFileType = sourcecode.c.h; path = TilingView.h; sourceTree = "<group>"; };
		14DA71B612F28A7D00C39B62 /* TilingView.m */ = {isa = PBXFileReference; fileEncoding = 4; lastKnownFileType = sourcecode.c.objc; path = TilingView.m; sourceTree = "<group>"; };
		14DA71C612F28A8C00C39B62 /* QuartzCore.framework */ = {isa = PBXFileReference; lastKnownFileType = wrapper.framework; name = QuartzCore.framework; path = System/Library/Frameworks/QuartzCore.framework; sourceTree = SDKROOT; };
		14DA71CA12F28B0300C39B62 /* PhotoViewController.xib */ = {isa = PBXFileReference; lastKnownFileType = file.xib; path = PhotoViewController.xib; sourceTree = "<group>"; };
		14F27D8512E69D7600330318 /* CustomMoviePlayerViewController.h */ = {isa = PBXFileReference; fileEncoding = 4; lastKnownFileType = sourcecode.c.h; path = CustomMoviePlayerViewController.h; sourceTree = "<group>"; };
		14F27D8612E69D7600330318 /* CustomMoviePlayerViewController.m */ = {isa = PBXFileReference; fileEncoding = 4; lastKnownFileType = sourcecode.c.objc; path = CustomMoviePlayerViewController.m; sourceTree = "<group>"; };
		14F27DA412E6A19800330318 /* MediaPlayer.framework */ = {isa = PBXFileReference; lastKnownFileType = wrapper.framework; name = MediaPlayer.framework; path = System/Library/Frameworks/MediaPlayer.framework; sourceTree = SDKROOT; };
		14F27DFC12E6C67500330318 /* GuidesDetails.h */ = {isa = PBXFileReference; fileEncoding = 4; lastKnownFileType = sourcecode.c.h; path = GuidesDetails.h; sourceTree = "<group>"; };
		14F27DFD12E6C67500330318 /* GuidesDetails.m */ = {isa = PBXFileReference; fileEncoding = 4; lastKnownFileType = sourcecode.c.objc; path = GuidesDetails.m; sourceTree = "<group>"; };
		14F27E1B12E6E82D00330318 /* GuideDetailsScreen.h */ = {isa = PBXFileReference; fileEncoding = 4; lastKnownFileType = sourcecode.c.h; path = GuideDetailsScreen.h; sourceTree = "<group>"; };
		14F27E1C12E6E82D00330318 /* GuideDetailsScreen.m */ = {isa = PBXFileReference; fileEncoding = 4; lastKnownFileType = sourcecode.c.objc; path = GuideDetailsScreen.m; sourceTree = "<group>"; };
		14F27E1D12E6E82D00330318 /* GuideDetailsScreen.xib */ = {isa = PBXFileReference; lastKnownFileType = file.xib; path = GuideDetailsScreen.xib; sourceTree = "<group>"; };
		14F27E3912E6EC3300330318 /* GuidesDetailsCustomCell.h */ = {isa = PBXFileReference; fileEncoding = 4; lastKnownFileType = sourcecode.c.h; path = GuidesDetailsCustomCell.h; sourceTree = "<group>"; };
		14F27E3A12E6EC3300330318 /* GuidesDetailsCustomCell.m */ = {isa = PBXFileReference; fileEncoding = 4; lastKnownFileType = sourcecode.c.objc; path = GuidesDetailsCustomCell.m; sourceTree = "<group>"; };
		14F27FD712E7211800330318 /* CalendarTouch.h */ = {isa = PBXFileReference; fileEncoding = 4; lastKnownFileType = sourcecode.c.h; path = CalendarTouch.h; sourceTree = "<group>"; };
		14F27FD812E7211800330318 /* CalendarTouch.m */ = {isa = PBXFileReference; fileEncoding = 4; lastKnownFileType = sourcecode.c.objc; path = CalendarTouch.m; sourceTree = "<group>"; };
		14F27FD912E7211800330318 /* CalendarTouchEvent.h */ = {isa = PBXFileReference; fileEncoding = 4; lastKnownFileType = sourcecode.c.h; path = CalendarTouchEvent.h; sourceTree = "<group>"; };
		14F27FDA12E7211800330318 /* CalendarTouchEvent.m */ = {isa = PBXFileReference; fileEncoding = 4; lastKnownFileType = sourcecode.c.objc; path = CalendarTouchEvent.m; sourceTree = "<group>"; };
		14F27FDB12E7211800330318 /* CalendarTouchEvent.xib */ = {isa = PBXFileReference; lastKnownFileType = file.xib; path = CalendarTouchEvent.xib; sourceTree = "<group>"; };
		14F27FDC12E7211800330318 /* CustomCalendarEvent.h */ = {isa = PBXFileReference; fileEncoding = 4; lastKnownFileType = sourcecode.c.h; path = CustomCalendarEvent.h; sourceTree = "<group>"; };
		14F27FDD12E7211800330318 /* CustomCalendarEvent.m */ = {isa = PBXFileReference; fileEncoding = 4; lastKnownFileType = sourcecode.c.objc; path = CustomCalendarEvent.m; sourceTree = "<group>"; };
		14F594F61304F18F0011D9BE /* iShopShape.sql */ = {isa = PBXFileReference; lastKnownFileType = file; path = iShopShape.sql; sourceTree = "<group>"; };
		14F59703130539770011D9BE /* CommentCustomCell.h */ = {isa = PBXFileReference; fileEncoding = 4; lastKnownFileType = sourcecode.c.h; path = CommentCustomCell.h; sourceTree = "<group>"; };
		14F59704130539770011D9BE /* CommentCustomCell.m */ = {isa = PBXFileReference; fileEncoding = 4; lastKnownFileType = sourcecode.c.objc; path = CommentCustomCell.m; sourceTree = "<group>"; };
		14FCC9E812DAE05D005D122D /* RatingEventHandler.h */ = {isa = PBXFileReference; fileEncoding = 4; lastKnownFileType = sourcecode.c.h; path = RatingEventHandler.h; sourceTree = "<group>"; };
		14FCC9E912DAE05D005D122D /* RatingEventHandler.m */ = {isa = PBXFileReference; fileEncoding = 4; lastKnownFileType = sourcecode.c.objc; path = RatingEventHandler.m; sourceTree = "<group>"; };
		1D30AB110D05D00D00671497 /* Foundation.framework */ = {isa = PBXFileReference; lastKnownFileType = wrapper.framework; name = Foundation.framework; path = System/Library/Frameworks/Foundation.framework; sourceTree = SDKROOT; };
		1D3623240D0F684500981E51 /* iShopShapeAppDelegate.h */ = {isa = PBXFileReference; fileEncoding = 4; lastKnownFileType = sourcecode.c.h; path = iShopShapeAppDelegate.h; sourceTree = "<group>"; };
		1D3623250D0F684500981E51 /* iShopShapeAppDelegate.m */ = {isa = PBXFileReference; fileEncoding = 4; lastKnownFileType = sourcecode.c.objc; path = iShopShapeAppDelegate.m; sourceTree = "<group>"; };
		1D6058910D05DD3D006BFB54 /* iShopShape.app */ = {isa = PBXFileReference; explicitFileType = wrapper.application; includeInIndex = 0; path = iShopShape.app; sourceTree = BUILT_PRODUCTS_DIR; };
		1DF5F4DF0D08C38300B7A737 /* UIKit.framework */ = {isa = PBXFileReference; lastKnownFileType = wrapper.framework; name = UIKit.framework; path = System/Library/Frameworks/UIKit.framework; sourceTree = SDKROOT; };
		288765A40DF7441C002DB57D /* CoreGraphics.framework */ = {isa = PBXFileReference; lastKnownFileType = wrapper.framework; name = CoreGraphics.framework; path = System/Library/Frameworks/CoreGraphics.framework; sourceTree = SDKROOT; };
		2899E5210DE3E06400AC0155 /* iShopShapeViewController.xib */ = {isa = PBXFileReference; lastKnownFileType = file.xib; path = iShopShapeViewController.xib; sourceTree = "<group>"; };
		28AD733E0D9D9553002E5188 /* MainWindow.xib */ = {isa = PBXFileReference; lastKnownFileType = file.xib; path = MainWindow.xib; sourceTree = "<group>"; };
		28D7ACF60DDB3853001CB0EB /* iShopShapeViewController.h */ = {isa = PBXFileReference; fileEncoding = 4; lastKnownFileType = sourcecode.c.h; path = iShopShapeViewController.h; sourceTree = "<group>"; };
		28D7ACF70DDB3853001CB0EB /* iShopShapeViewController.m */ = {isa = PBXFileReference; fileEncoding = 4; lastKnownFileType = sourcecode.c.objc; path = iShopShapeViewController.m; sourceTree = "<group>"; };
		29B97316FDCFA39411CA2CEA /* main.m */ = {isa = PBXFileReference; fileEncoding = 4; lastKnownFileType = sourcecode.c.objc; path = main.m; sourceTree = "<group>"; };
		32CA4F630368D1EE00C91783 /* iShopShape_Prefix.pch */ = {isa = PBXFileReference; fileEncoding = 4; lastKnownFileType = sourcecode.c.h; path = iShopShape_Prefix.pch; sourceTree = "<group>"; };
		8D1107310486CEB800E47090 /* iShopShape-Info.plist */ = {isa = PBXFileReference; fileEncoding = 4; lastKnownFileType = text.plist.xml; path = "iShopShape-Info.plist"; plistStructureDefinitionIdentifier = "com.apple.xcode.plist.structure-definition.iphone.info-plist"; sourceTree = "<group>"; };
/* End PBXFileReference section */

/* Begin PBXFrameworksBuildPhase section */
		1D60588F0D05DD3D006BFB54 /* Frameworks */ = {
			isa = PBXFrameworksBuildPhase;
			buildActionMask = 2147483647;
			files = (
				1D60589F0D05DD5A006BFB54 /* Foundation.framework in Frameworks */,
				1DF5F4E00D08C38300B7A737 /* UIKit.framework in Frameworks */,
				288765A50DF7441C002DB57D /* CoreGraphics.framework in Frameworks */,
				1497755412BF7FE900207DC5 /* CFNetwork.framework in Frameworks */,
				1497757212BF803500207DC5 /* SystemConfiguration.framework in Frameworks */,
				14A6EE4812D1997F005BAF8D /* libsqlite3.dylib in Frameworks */,
				14F27DA512E6A19800330318 /* MediaPlayer.framework in Frameworks */,
				14DA71C712F28A8C00C39B62 /* QuartzCore.framework in Frameworks */,
				14D4D73C12FFB56800C0464A /* QuartzCore.framework in Frameworks */,
			);
			runOnlyForDeploymentPostprocessing = 0;
		};
/* End PBXFrameworksBuildPhase section */

/* Begin PBXGroup section */
		080E96DDFE201D6D7F000001 /* Classes */ = {
			isa = PBXGroup;
			children = (
				14B90EEB12C217FD005E81E7 /* BusinessLogic */,
				1497754312BF7F8E00207DC5 /* Services */,
				1497749312BF580600207DC5 /* Utilities */,
				14E2261F12B792CE003D7780 /* GuiEngine */,
				14E2261E12B79203003D7780 /* Model */,
				1D3623240D0F684500981E51 /* iShopShapeAppDelegate.h */,
				1D3623250D0F684500981E51 /* iShopShapeAppDelegate.m */,
				28D7ACF60DDB3853001CB0EB /* iShopShapeViewController.h */,
				28D7ACF70DDB3853001CB0EB /* iShopShapeViewController.m */,
				14BC85F212E80A810094C052 /* GetStoreLists.h */,
				14BC85F312E80A810094C052 /* GetStoreLists.m */,
				29B97315FDCFA39411CA2CEA /* Other Sources */,
			);
			path = Classes;
			sourceTree = "<group>";
		};
		14030F1512DC333400786EDD /* Callout */ = {
			isa = PBXGroup;
			children = (
				14030F1712DC334E00786EDD /* CallOutView.h */,
				14030F1812DC334E00786EDD /* CallOutView.m */,
				14D4D7C312FFC02900C0464A /* ExpandView.h */,
				14D4D7C412FFC02900C0464A /* ExpandView.m */,
				14D4D91C12FFCEA700C0464A /* CustomPlacementImageView.h */,
				14D4D91D12FFCEA700C0464A /* CustomPlacementImageView.m */,
			);
			path = Callout;
			sourceTree = "<group>";
		};
		1496723912C316F400A490BA /* GuideHandler */ = {
			isa = PBXGroup;
			children = (
				1496723A12C3171300A490BA /* GuideHandler.h */,
				1496723B12C3171300A490BA /* GuideHandler.m */,
			);
			name = GuideHandler;
			sourceTree = "<group>";
		};
		1496725812C3192E00A490BA /* Calendar */ = {
			isa = PBXGroup;
			children = (
				1496725912C3195100A490BA /* CalendarScreen.h */,
				1496725A12C3195100A490BA /* CalendarScreen.m */,
				1496725B12C3195100A490BA /* CalendarScreen.xib */,
				14030DB612DC1A7200786EDD /* CustomImageView.h */,
				14030DB712DC1A7200786EDD /* CustomImageView.m */,
				14F27FD712E7211800330318 /* CalendarTouch.h */,
				14F27FD812E7211800330318 /* CalendarTouch.m */,
				14F27FD912E7211800330318 /* CalendarTouchEvent.h */,
				14F27FDA12E7211800330318 /* CalendarTouchEvent.m */,
				14F27FDB12E7211800330318 /* CalendarTouchEvent.xib */,
				14F27FDC12E7211800330318 /* CustomCalendarEvent.h */,
				14F27FDD12E7211800330318 /* CustomCalendarEvent.m */,
				14BC877B12E835E00094C052 /* CalendarCustomCell.h */,
				14BC877C12E835E00094C052 /* CalendarCustomCell.m */,
			);
			path = Calendar;
			sourceTree = "<group>";
		};
		1496725E12C3196000A490BA /* Community */ = {
			isa = PBXGroup;
			children = (
				1496725F12C31B3700A490BA /* CommunityScreen.h */,
				1496726012C31B3700A490BA /* CommunityScreen.m */,
				1496726112C31B3700A490BA /* CommunityScreen.xib */,
			);
			path = Community;
			sourceTree = "<group>";
		};
		1496726612C31DCC00A490BA /* MyStore */ = {
			isa = PBXGroup;
			children = (
				14A0CD8212C84E60009CD33F /* StoreLayout */,
				14A0CD7F12C84CCA009CD33F /* PhotoHistory */,
				14A0CD7712C84BBC009CD33F /* Ratings */,
				1496726712C31DE400A490BA /* MyStoreScreen.h */,
				1496726812C31DE400A490BA /* MyStoreScreen.m */,
				1496726912C31DE400A490BA /* MyStoreScreen.xib */,
			);
			path = MyStore;
			sourceTree = "<group>";
		};
		149773C612BF2FDB00207DC5 /* Guides */ = {
			isa = PBXGroup;
			children = (
				149773C712BF2FF700207DC5 /* GuidesScreen.h */,
				149773C812BF2FF700207DC5 /* GuidesScreen.m */,
				149773C912BF2FF700207DC5 /* GuidesScreen.xib */,
				1497740812BF32D500207DC5 /* GuidesCustomCell.h */,
				1497740912BF32D500207DC5 /* GuidesCustomCell.m */,
				14F27E1B12E6E82D00330318 /* GuideDetailsScreen.h */,
				14F27E1C12E6E82D00330318 /* GuideDetailsScreen.m */,
				14F27E1D12E6E82D00330318 /* GuideDetailsScreen.xib */,
				14F27E3912E6EC3300330318 /* GuidesDetailsCustomCell.h */,
				14F27E3A12E6EC3300330318 /* GuidesDetailsCustomCell.m */,
				14BC888B12E842310094C052 /* GuideNoteCustomCell.h */,
				14BC888C12E842310094C052 /* GuideNoteCustomCell.m */,
			);
			path = Guides;
			sourceTree = "<group>";
		};
		1497749312BF580600207DC5 /* Utilities */ = {
			isa = PBXGroup;
			children = (
				14F27D8412E69D7600330318 /* MediaPlayer */,
				14A0CDFD12C85991009CD33F /* DatabaseHandler */,
				1497749712BF584600207DC5 /* Logger */,
				14D6E1E6130BEF7B00CD1EA2 /* ThumbnailCreater.h */,
				14D6E1E7130BEF7B00CD1EA2 /* ThumbnailCreater.m */,
			);
			path = Utilities;
			sourceTree = "<group>";
		};
		1497749712BF584600207DC5 /* Logger */ = {
			isa = PBXGroup;
			children = (
				1497749812BF584600207DC5 /* ConfigReader.h */,
				1497749912BF584600207DC5 /* ConfigReader.m */,
				1497749A12BF584600207DC5 /* Logger.h */,
				1497749B12BF584600207DC5 /* Logger.m */,
			);
			path = Logger;
			sourceTree = "<group>";
		};
		1497754312BF7F8E00207DC5 /* Services */ = {
			isa = PBXGroup;
			children = (
				14A6F0F012D1FAE3005BAF8D /* Parser */,
				14A6F0C312D1F974005BAF8D /* JSON */,
				14C935C912CC497400874531 /* HTTPService */,
				1497754712BF7FB100207DC5 /* Reachability.h */,
				1497754812BF7FB100207DC5 /* Reachability.m */,
				148646C712D5EDA5005815AC /* NSMutableArray(Reverse).h */,
				148646C812D5EDA5005815AC /* NSMutableArray(Reverse).m */,
				14BB288A12E559810039DFCD /* NSData+Base64.h */,
				14BB288B12E559810039DFCD /* NSData+Base64.m */,
			);
			path = Services;
			sourceTree = "<group>";
		};
		149F5EAE12F7E01100402A8C /* CustomTextView */ = {
			isa = PBXGroup;
			children = (
				149F5EAF12F7E01100402A8C /* HPGrowingTextView.h */,
				149F5EB012F7E01100402A8C /* HPGrowingTextView.m */,
				149F5EB112F7E01100402A8C /* HPTextViewInternal.h */,
				149F5EB212F7E01100402A8C /* HPTextViewInternal.m */,
			);
			path = CustomTextView;
			sourceTree = "<group>";
		};
		14A0CD7712C84BBC009CD33F /* Ratings */ = {
			isa = PBXGroup;
			children = (
				14A0CD7812C84C5D009CD33F /* RatingsScreen.h */,
				14A0CD7912C84C5D009CD33F /* RatingsScreen.m */,
				14A0CD7A12C84C5D009CD33F /* RatingsScreen.xib */,
				14B235AC12F6A01B00B32A22 /* RatingCustomCell.h */,
				14B235AD12F6A01B00B32A22 /* RatingCustomCell.m */,
				14BC848B12E7F2D90094C052 /* Graph.h */,
				14BC848C12E7F2D90094C052 /* Graph.m */,
				14BC848D12E7F2D90094C052 /* StoreInfo.h */,
				14BC848E12E7F2D90094C052 /* StoreInfo.m */,
				14BC848F12E7F2D90094C052 /* Stores_Array.h */,
				14BC849012E7F2D90094C052 /* Stores_Array.m */,
			);
			path = Ratings;
			sourceTree = "<group>";
		};
		14A0CD7F12C84CCA009CD33F /* PhotoHistory */ = {
			isa = PBXGroup;
			children = (
				14DA71B112F28A7D00C39B62 /* ImageScrollView.h */,
				14DA71B212F28A7D00C39B62 /* ImageScrollView.m */,
				14DA71B312F28A7D00C39B62 /* PhotoViewController.h */,
				14DA71B412F28A7D00C39B62 /* PhotoViewController.m */,
				14DA71CA12F28B0300C39B62 /* PhotoViewController.xib */,
				14DA71B512F28A7D00C39B62 /* TilingView.h */,
				14DA71B612F28A7D00C39B62 /* TilingView.m */,
				14AD886E12EEF7A800DDE236 /* CostumImageView.h */,
				14AD886F12EEF7A800DDE236 /* CostumImageView.m */,
				14BC3B5C12DDCF6300B67275 /* CostumCell.h */,
				14BC3B5D12DDCF6300B67275 /* CostumCell.m */,
				149C544D12FA8D70002403E8 /* PhotoHistory.h */,
				149C544E12FA8D70002403E8 /* PhotoHistory.m */,
				149C544F12FA8D70002403E8 /* PhotoHistory.xib */,
				141B2821130E77E7009B7D81 /* PhotoHistoryCountCell.h */,
				141B2822130E77E7009B7D81 /* PhotoHistoryCountCell.m */,
				14AD883012EEF56800DDE236 /* StorePhotoInfo.h */,
				14AD883112EEF56800DDE236 /* StorePhotoInfo.m */,
				14AD883212EEF56800DDE236 /* StoreImageObj.h */,
				14AD883312EEF56800DDE236 /* StoreImageObj.m */,
			);
			path = PhotoHistory;
			sourceTree = "<group>";
		};
		14A0CD8212C84E60009CD33F /* StoreLayout */ = {
			isa = PBXGroup;
			children = (
				14A0CD8312C84E7C009CD33F /* StoreLayoutScreen.h */,
				14A0CD8412C84E7C009CD33F /* StoreLayoutScreen.m */,
				14A0CD8512C84E7C009CD33F /* StoreLayoutScreen.xib */,
				14B2395912F6E13800B32A22 /* StoreImageScrollView.h */,
				14B2395A12F6E13800B32A22 /* StoreImageScrollView.m */,
			);
			path = StoreLayout;
			sourceTree = "<group>";
		};
		14A0CDFD12C85991009CD33F /* DatabaseHandler */ = {
			isa = PBXGroup;
			children = (
				14A6EE3A12D1995D005BAF8D /* DatabaseHandler.h */,
				14A6EE3B12D1995D005BAF8D /* DatabaseHandler.m */,
			);
			path = DatabaseHandler;
			sourceTree = "<group>";
		};
		14A0CF5512C89C1A009CD33F /* PlacementsScreen */ = {
			isa = PBXGroup;
			children = (
				14030F1512DC333400786EDD /* Callout */,
				14A0CF5612C89C40009CD33F /* PlacementsScreen.h */,
				14A0CF5712C89C40009CD33F /* PlacementsScreen.m */,
				14A0CF5812C89C40009CD33F /* PlacementsScreen.xib */,
				149DF05712F91CB600DAFB46 /* PlacementImageScrollView.h */,
				149DF05812F91CB600DAFB46 /* PlacementImageScrollView.m */,
			);
			path = PlacementsScreen;
			sourceTree = "<group>";
		};
		14A6EE2D12D1990E005BAF8D /* Database */ = {
			isa = PBXGroup;
			children = (
				14F594F61304F18F0011D9BE /* iShopShape.sql */,
			);
			path = Database;
			sourceTree = "<group>";
		};
		14A6F0C312D1F974005BAF8D /* JSON */ = {
			isa = PBXGroup;
			children = (
				14A6F0C412D1F974005BAF8D /* JSON.h */,
				14A6F0C512D1F974005BAF8D /* NSObject+SBJSON.h */,
				14A6F0C612D1F974005BAF8D /* NSObject+SBJSON.m */,
				14A6F0C712D1F974005BAF8D /* NSString+SBJSON.h */,
				14A6F0C812D1F974005BAF8D /* NSString+SBJSON.m */,
				14A6F0C912D1F974005BAF8D /* SBJSON.h */,
				14A6F0CA12D1F974005BAF8D /* SBJSON.m */,
				14A6F0CB12D1F974005BAF8D /* SBJsonBase.h */,
				14A6F0CC12D1F974005BAF8D /* SBJsonBase.m */,
				14A6F0CD12D1F974005BAF8D /* SBJsonParser.h */,
				14A6F0CE12D1F974005BAF8D /* SBJsonParser.m */,
				14A6F0CF12D1F974005BAF8D /* SBJsonWriter.h */,
				14A6F0D012D1F974005BAF8D /* SBJsonWriter.m */,
			);
			path = JSON;
			sourceTree = "<group>";
		};
		14A6F0F012D1FAE3005BAF8D /* Parser */ = {
			isa = PBXGroup;
			children = (
				14A6F0F512D1FDE6005BAF8D /* Parser.h */,
				14A6F0F612D1FDE6005BAF8D /* Parser.m */,
			);
			path = Parser;
			sourceTree = "<group>";
		};
		14B90ED712C1BCA4005E81E7 /* Notifications */ = {
			isa = PBXGroup;
			children = (
				14B90ED812C1BCD9005E81E7 /* NotificationScreen.h */,
				14B90ED912C1BCD9005E81E7 /* NotificationScreen.m */,
				14B90EDA12C1BCD9005E81E7 /* NotificationScreen.xib */,
				1496724712C3183200A490BA /* MessageStreamScreen.h */,
				1496724812C3183200A490BA /* MessageStreamScreen.m */,
				1496724912C3183200A490BA /* MessageStreamScreen.xib */,
				14A0CD9C12C851BC009CD33F /* NotificationTableCell.h */,
				14A0CD9D12C851BC009CD33F /* NotificationTableCell.m */,
				14A988A812D2E9E3001A9A7D /* CustomMessageCell.h */,
				14A988A912D2E9E3001A9A7D /* CustomMessageCell.m */,
				14974D6612E1A440001076E6 /* NotificationStatus.h */,
				14974D6712E1A440001076E6 /* NotificationStatus.m */,
				149F5EAE12F7E01100402A8C /* CustomTextView */,
			);
			path = Notifications;
			sourceTree = "<group>";
		};
		14B90EEB12C217FD005E81E7 /* BusinessLogic */ = {
			isa = PBXGroup;
			children = (
				14B90EED12C2184A005E81E7 /* APNSEventHandler */,
				14B90EEC12C2183F005E81E7 /* NotificationHandler */,
				14B90EEE12C2186D005E81E7 /* InstructionHandler */,
				14FCC9E412DAE030005D122D /* RatingEventHandler */,
				1496723912C316F400A490BA /* GuideHandler */,
				148F5FFC12C9E77500AF8BE4 /* EventHandler.h */,
				148F5FFD12C9E77500AF8BE4 /* EventHandler.m */,
			);
			path = BusinessLogic;
			sourceTree = "<group>";
		};
		14B90EEC12C2183F005E81E7 /* NotificationHandler */ = {
			isa = PBXGroup;
			children = (
				1496723612C316E000A490BA /* NotificationHandler.h */,
				1496723712C316E000A490BA /* NotificationHandler.m */,
			);
			name = NotificationHandler;
			sourceTree = "<group>";
		};
		14B90EED12C2184A005E81E7 /* APNSEventHandler */ = {
			isa = PBXGroup;
			children = (
				1496723012C316C500A490BA /* APNSEventHandler.h */,
				1496723112C316C500A490BA /* APNSEventHandler.m */,
			);
			name = APNSEventHandler;
			sourceTree = "<group>";
		};
		14B90EEE12C2186D005E81E7 /* InstructionHandler */ = {
			isa = PBXGroup;
			children = (
				1496723312C316D400A490BA /* InstructionHandler.h */,
				1496723412C316D400A490BA /* InstructionHandler.m */,
			);
			name = InstructionHandler;
			sourceTree = "<group>";
		};
		14B963FE12D4998D001CDBC4 /* Settings */ = {
			isa = PBXGroup;
			children = (
				14B963FF12D499AC001CDBC4 /* SettingsScreen.h */,
				14B9640012D499AC001CDBC4 /* SettingsScreen.m */,
				14B9640112D499AC001CDBC4 /* SettingsScreen.xib */,
			);
			path = Settings;
			sourceTree = "<group>";
		};
		14C935C912CC497400874531 /* HTTPService */ = {
			isa = PBXGroup;
			children = (
				14C935CA12CC499E00874531 /* HTTPServiceHandler.h */,
				14C935CB12CC499E00874531 /* HTTPServiceHandler.m */,
				14AE696412DD6F5B005B01D4 /* HTTPServicePOSTHandler.h */,
				14AE696512DD6F5B005B01D4 /* HTTPServicePOSTHandler.m */,
				14C9368112CC846A00874531 /* ImageDownloader.h */,
				14C9368212CC846A00874531 /* ImageDownloader.m */,
				14950BDC1308E24800B57CF6 /* ImageDownloaderBackground.h */,
				14950BDD1308E24800B57CF6 /* ImageDownloaderBackground.m */,
			);
			path = HTTPService;
			sourceTree = "<group>";
		};
		14CA981F12B8BD1500553BC8 /* Home */ = {
			isa = PBXGroup;
			children = (
				14CA982012B8BD4500553BC8 /* NotificationCustomCell.h */,
				14CA982112B8BD4500553BC8 /* NotificationCustomCell.m */,
				14CA99B312B8E5A200553BC8 /* MyStoreCustomCell.h */,
				14CA99B412B8E5A200553BC8 /* MyStoreCustomCell.m */,
			);
			path = Home;
			sourceTree = "<group>";
		};
		14CA9A9512B8F19600553BC8 /* Instructions */ = {
			isa = PBXGroup;
			children = (
				14A0CF5512C89C1A009CD33F /* PlacementsScreen */,
				14CA9A9B12B8F1DB00553BC8 /* InstructionsScreen.h */,
				14CA9A9C12B8F1DB00553BC8 /* InstructionsScreen.m */,
				14CA9A9D12B8F1DB00553BC8 /* InstructionsScreen.xib */,
				149BE34912B9CD1700634311 /* InstructionsCutomCell.h */,
				149BE34A12B9CD1700634311 /* InstructionsCutomCell.m */,
				1497747B12BF4B3700207DC5 /* InstructionDetailsScreen.h */,
				1497747C12BF4B3700207DC5 /* InstructionDetailsScreen.m */,
				1497747D12BF4B3700207DC5 /* InstructionDetailsScreen.xib */,
				14A0CE3A12C87887009CD33F /* InstructionImageCustomCell.h */,
				14A0CE3B12C87887009CD33F /* InstructionImageCustomCell.m */,
				14A0CE3712C87867009CD33F /* StyleCustomCell.h */,
				14A0CE3812C87867009CD33F /* StyleCustomCell.m */,
				14A9877612D2DB6A001A9A7D /* DurationDetailsCell.h */,
				14A9877712D2DB6A001A9A7D /* DurationDetailsCell.m */,
				14F59703130539770011D9BE /* CommentCustomCell.h */,
				14F59704130539770011D9BE /* CommentCustomCell.m */,
				14A987E212D2E10A001A9A7D /* MessageStreamCellInst.h */,
				14A987E312D2E10A001A9A7D /* MessageStreamCellInst.m */,
				14C2244D12CB036100DCDA95 /* InstructionMessageStreamCell.h */,
				14C2244E12CB036100DCDA95 /* InstructionMessageStreamCell.m */,
				14C224CC12CB0E6C00DCDA95 /* CommentMessageStream.h */,
				14C224CD12CB0E6C00DCDA95 /* CommentMessageStream.m */,
				14C224CE12CB0E6C00DCDA95 /* CommentMessageStream.xib */,
				14C01F62130D45DF00EA700B /* CustomTextView.h */,
				14C01F63130D45DF00EA700B /* CustomTextView.m */,
			);
			path = Instructions;
			sourceTree = "<group>";
		};
		14E2261E12B79203003D7780 /* Model */ = {
			isa = PBXGroup;
			children = (
				14A98C5412D33E96001A9A7D /* CalendarEvent.h */,
				14A98C5512D33E96001A9A7D /* CalendarEvent.m */,
				141EF2E912BB63980007742A /* Notification.h */,
				141EF2EA12BB63980007742A /* Notification.m */,
				141EF2EE12BB68C20007742A /* Instruction.h */,
				141EF2EF12BB68C20007742A /* Instruction.m */,
				1497745412BF39AC00207DC5 /* Guides.h */,
				1497745512BF39AC00207DC5 /* Guides.m */,
				14F27DFC12E6C67500330318 /* GuidesDetails.h */,
				14F27DFD12E6C67500330318 /* GuidesDetails.m */,
				14B9615612D425B6001CDBC4 /* Product.h */,
				14B9615712D425B6001CDBC4 /* Product.m */,
			);
			path = Model;
			sourceTree = "<group>";
		};
		14E2261F12B792CE003D7780 /* GuiEngine */ = {
			isa = PBXGroup;
			children = (
				14B963FE12D4998D001CDBC4 /* Settings */,
				14CA981F12B8BD1500553BC8 /* Home */,
				14B90ED712C1BCA4005E81E7 /* Notifications */,
				14CA9A9512B8F19600553BC8 /* Instructions */,
				1496725812C3192E00A490BA /* Calendar */,
				149773C612BF2FDB00207DC5 /* Guides */,
				1496726612C31DCC00A490BA /* MyStore */,
				1496725E12C3196000A490BA /* Community */,
			);
			name = GuiEngine;
			sourceTree = "<group>";
		};
		14F27D8412E69D7600330318 /* MediaPlayer */ = {
			isa = PBXGroup;
			children = (
				14F27D8512E69D7600330318 /* CustomMoviePlayerViewController.h */,
				14F27D8612E69D7600330318 /* CustomMoviePlayerViewController.m */,
			);
			path = MediaPlayer;
			sourceTree = "<group>";
		};
		14FCC9E412DAE030005D122D /* RatingEventHandler */ = {
			isa = PBXGroup;
			children = (
				14FCC9E812DAE05D005D122D /* RatingEventHandler.h */,
				14FCC9E912DAE05D005D122D /* RatingEventHandler.m */,
			);
			path = RatingEventHandler;
			sourceTree = "<group>";
		};
		19C28FACFE9D520D11CA2CBB /* Products */ = {
			isa = PBXGroup;
			children = (
				1D6058910D05DD3D006BFB54 /* iShopShape.app */,
			);
			name = Products;
			sourceTree = "<group>";
		};
		29B97314FDCFA39411CA2CEA /* CustomTemplate */ = {
			isa = PBXGroup;
			children = (
				080E96DDFE201D6D7F000001 /* Classes */,
				29B97317FDCFA39411CA2CEA /* Resources */,
				29B97323FDCFA39411CA2CEA /* Frameworks */,
				19C28FACFE9D520D11CA2CBB /* Products */,
				14F27DA412E6A19800330318 /* MediaPlayer.framework */,
				14DA71C612F28A8C00C39B62 /* QuartzCore.framework */,
				14D4D73B12FFB56800C0464A /* QuartzCore.framework */,
			);
			name = CustomTemplate;
			sourceTree = "<group>";
		};
		29B97315FDCFA39411CA2CEA /* Other Sources */ = {
			isa = PBXGroup;
			children = (
				32CA4F630368D1EE00C91783 /* iShopShape_Prefix.pch */,
				29B97316FDCFA39411CA2CEA /* main.m */,
			);
			name = "Other Sources";
			path = ..;
			sourceTree = "<group>";
		};
		29B97317FDCFA39411CA2CEA /* Resources */ = {
			isa = PBXGroup;
			children = (
				14A6EE2D12D1990E005BAF8D /* Database */,
				2899E5210DE3E06400AC0155 /* iShopShapeViewController.xib */,
				28AD733E0D9D9553002E5188 /* MainWindow.xib */,
				8D1107310486CEB800E47090 /* iShopShape-Info.plist */,
				149774AB12BF587100207DC5 /* Config.plist */,
			);
			name = Resources;
			sourceTree = "<group>";
		};
		29B97323FDCFA39411CA2CEA /* Frameworks */ = {
			isa = PBXGroup;
			children = (
				14A6EE4712D1997F005BAF8D /* libsqlite3.dylib */,
				1497757112BF803500207DC5 /* SystemConfiguration.framework */,
				1DF5F4DF0D08C38300B7A737 /* UIKit.framework */,
				1D30AB110D05D00D00671497 /* Foundation.framework */,
				288765A40DF7441C002DB57D /* CoreGraphics.framework */,
				1497755312BF7FE900207DC5 /* CFNetwork.framework */,
			);
			name = Frameworks;
			sourceTree = "<group>";
		};
/* End PBXGroup section */

/* Begin PBXNativeTarget section */
		1D6058900D05DD3D006BFB54 /* iShopShape */ = {
			isa = PBXNativeTarget;
			buildConfigurationList = 1D6058960D05DD3E006BFB54 /* Build configuration list for PBXNativeTarget "iShopShape" */;
			buildPhases = (
				1D60588D0D05DD3D006BFB54 /* Resources */,
				1D60588E0D05DD3D006BFB54 /* Sources */,
				1D60588F0D05DD3D006BFB54 /* Frameworks */,
			);
			buildRules = (
			);
			dependencies = (
			);
			name = iShopShape;
			productName = iShopShape;
			productReference = 1D6058910D05DD3D006BFB54 /* iShopShape.app */;
			productType = "com.apple.product-type.application";
		};
/* End PBXNativeTarget section */

/* Begin PBXProject section */
		29B97313FDCFA39411CA2CEA /* Project object */ = {
			isa = PBXProject;
			buildConfigurationList = C01FCF4E08A954540054247B /* Build configuration list for PBXProject "iShopShape" */;
			compatibilityVersion = "Xcode 3.1";
			developmentRegion = English;
			hasScannedForEncodings = 1;
			knownRegions = (
				English,
				Japanese,
				French,
				German,
			);
			mainGroup = 29B97314FDCFA39411CA2CEA /* CustomTemplate */;
			projectDirPath = "";
			projectRoot = "";
			targets = (
				1D6058900D05DD3D006BFB54 /* iShopShape */,
			);
		};
/* End PBXProject section */

/* Begin PBXResourcesBuildPhase section */
		1D60588D0D05DD3D006BFB54 /* Resources */ = {
			isa = PBXResourcesBuildPhase;
			buildActionMask = 2147483647;
			files = (
				28AD733F0D9D9553002E5188 /* MainWindow.xib in Resources */,
				2899E5220DE3E06400AC0155 /* iShopShapeViewController.xib in Resources */,
				14CA9A9F12B8F1DB00553BC8 /* InstructionsScreen.xib in Resources */,
				149773CB12BF2FF700207DC5 /* GuidesScreen.xib in Resources */,
				1497747F12BF4B3700207DC5 /* InstructionDetailsScreen.xib in Resources */,
				149774AC12BF587100207DC5 /* Config.plist in Resources */,
				14B90EDC12C1BCD9005E81E7 /* NotificationScreen.xib in Resources */,
				1496724B12C3183200A490BA /* MessageStreamScreen.xib in Resources */,
				1496725D12C3195100A490BA /* CalendarScreen.xib in Resources */,
				1496726312C31B3700A490BA /* CommunityScreen.xib in Resources */,
				1496726B12C31DE400A490BA /* MyStoreScreen.xib in Resources */,
				14A0CD7C12C84C5D009CD33F /* RatingsScreen.xib in Resources */,
				14A0CD8712C84E7C009CD33F /* StoreLayoutScreen.xib in Resources */,
				14A0CF5A12C89C40009CD33F /* PlacementsScreen.xib in Resources */,
				14C224D012CB0E6C00DCDA95 /* CommentMessageStream.xib in Resources */,
				14B9640312D499AC001CDBC4 /* SettingsScreen.xib in Resources */,
				14F27E1F12E6E82D00330318 /* GuideDetailsScreen.xib in Resources */,
				14F27FE212E7211800330318 /* CalendarTouchEvent.xib in Resources */,
				14DA71CB12F28B0300C39B62 /* PhotoViewController.xib in Resources */,
				149C545112FA8D70002403E8 /* PhotoHistory.xib in Resources */,
				14F594F71304F18F0011D9BE /* iShopShape.sql in Resources */,
			);
			runOnlyForDeploymentPostprocessing = 0;
		};
/* End PBXResourcesBuildPhase section */

/* Begin PBXSourcesBuildPhase section */
		1D60588E0D05DD3D006BFB54 /* Sources */ = {
			isa = PBXSourcesBuildPhase;
			buildActionMask = 2147483647;
			files = (
				1D60589B0D05DD56006BFB54 /* main.m in Sources */,
				1D3623260D0F684500981E51 /* iShopShapeAppDelegate.m in Sources */,
				28D7ACF80DDB3853001CB0EB /* iShopShapeViewController.m in Sources */,
				14CA982212B8BD4500553BC8 /* NotificationCustomCell.m in Sources */,
				14CA99B512B8E5A200553BC8 /* MyStoreCustomCell.m in Sources */,
				14CA9A9E12B8F1DB00553BC8 /* InstructionsScreen.m in Sources */,
				149BE34B12B9CD1700634311 /* InstructionsCutomCell.m in Sources */,
				141EF2EB12BB63980007742A /* Notification.m in Sources */,
				141EF2F012BB68C20007742A /* Instruction.m in Sources */,
				149773CA12BF2FF700207DC5 /* GuidesScreen.m in Sources */,
				1497740A12BF32D500207DC5 /* GuidesCustomCell.m in Sources */,
				1497745612BF39AC00207DC5 /* Guides.m in Sources */,
				1497747E12BF4B3700207DC5 /* InstructionDetailsScreen.m in Sources */,
				1497749C12BF584600207DC5 /* ConfigReader.m in Sources */,
				1497749D12BF584600207DC5 /* Logger.m in Sources */,
				1497754912BF7FB100207DC5 /* Reachability.m in Sources */,
				14B90EDB12C1BCD9005E81E7 /* NotificationScreen.m in Sources */,
				1496723212C316C500A490BA /* APNSEventHandler.m in Sources */,
				1496723512C316D400A490BA /* InstructionHandler.m in Sources */,
				1496723812C316E000A490BA /* NotificationHandler.m in Sources */,
				1496723C12C3171300A490BA /* GuideHandler.m in Sources */,
				1496724A12C3183200A490BA /* MessageStreamScreen.m in Sources */,
				1496725C12C3195100A490BA /* CalendarScreen.m in Sources */,
				1496726212C31B3700A490BA /* CommunityScreen.m in Sources */,
				1496726A12C31DE400A490BA /* MyStoreScreen.m in Sources */,
				14A0CD7B12C84C5D009CD33F /* RatingsScreen.m in Sources */,
				14A0CD8612C84E7C009CD33F /* StoreLayoutScreen.m in Sources */,
				14A0CD9E12C851BC009CD33F /* NotificationTableCell.m in Sources */,
				14A0CE3912C87867009CD33F /* StyleCustomCell.m in Sources */,
				14A0CE3C12C87887009CD33F /* InstructionImageCustomCell.m in Sources */,
				14A0CF5912C89C40009CD33F /* PlacementsScreen.m in Sources */,
				148F5FFE12C9E77500AF8BE4 /* EventHandler.m in Sources */,
				14C2244F12CB036100DCDA95 /* InstructionMessageStreamCell.m in Sources */,
				14C224CF12CB0E6C00DCDA95 /* CommentMessageStream.m in Sources */,
				14C935CC12CC499E00874531 /* HTTPServiceHandler.m in Sources */,
				14C9368312CC846A00874531 /* ImageDownloader.m in Sources */,
				14A6EE3C12D1995D005BAF8D /* DatabaseHandler.m in Sources */,
				14A6F0D112D1F974005BAF8D /* NSObject+SBJSON.m in Sources */,
				14A6F0D212D1F974005BAF8D /* NSString+SBJSON.m in Sources */,
				14A6F0D312D1F974005BAF8D /* SBJSON.m in Sources */,
				14A6F0D412D1F974005BAF8D /* SBJsonBase.m in Sources */,
				14A6F0D512D1F974005BAF8D /* SBJsonParser.m in Sources */,
				14A6F0D612D1F974005BAF8D /* SBJsonWriter.m in Sources */,
				14A6F0F712D1FDE6005BAF8D /* Parser.m in Sources */,
				14A9877812D2DB6A001A9A7D /* DurationDetailsCell.m in Sources */,
				14A987E412D2E10A001A9A7D /* MessageStreamCellInst.m in Sources */,
				14A988AA12D2E9E3001A9A7D /* CustomMessageCell.m in Sources */,
				14A98C5612D33E96001A9A7D /* CalendarEvent.m in Sources */,
				14B9615812D425B6001CDBC4 /* Product.m in Sources */,
				14B9640212D499AC001CDBC4 /* SettingsScreen.m in Sources */,
				148646C912D5EDA5005815AC /* NSMutableArray(Reverse).m in Sources */,
				14FCC9EA12DAE05D005D122D /* RatingEventHandler.m in Sources */,
				14030DB812DC1A7200786EDD /* CustomImageView.m in Sources */,
				14AE696612DD6F5B005B01D4 /* HTTPServicePOSTHandler.m in Sources */,
				14BC3B6712DDCF6300B67275 /* CostumCell.m in Sources */,
				14974D6812E1A440001076E6 /* NotificationStatus.m in Sources */,
				14BB288C12E559810039DFCD /* NSData+Base64.m in Sources */,
				14F27D8712E69D7600330318 /* CustomMoviePlayerViewController.m in Sources */,
				14F27DFE12E6C67500330318 /* GuidesDetails.m in Sources */,
				14F27E1E12E6E82D00330318 /* GuideDetailsScreen.m in Sources */,
				14F27E3B12E6EC3300330318 /* GuidesDetailsCustomCell.m in Sources */,
				14F27FE012E7211800330318 /* CalendarTouch.m in Sources */,
				14F27FE112E7211800330318 /* CalendarTouchEvent.m in Sources */,
				14F27FE312E7211800330318 /* CustomCalendarEvent.m in Sources */,
				14BC849112E7F2D90094C052 /* Graph.m in Sources */,
				14BC849212E7F2D90094C052 /* StoreInfo.m in Sources */,
				14BC849312E7F2D90094C052 /* Stores_Array.m in Sources */,
				14BC85F412E80A810094C052 /* GetStoreLists.m in Sources */,
				14BC877D12E835E00094C052 /* CalendarCustomCell.m in Sources */,
				14BC888D12E842310094C052 /* GuideNoteCustomCell.m in Sources */,
				14AD883412EEF56800DDE236 /* StorePhotoInfo.m in Sources */,
				14AD883512EEF56800DDE236 /* StoreImageObj.m in Sources */,
				14AD887012EEF7A800DDE236 /* CostumImageView.m in Sources */,
				14DA71B712F28A7D00C39B62 /* ImageScrollView.m in Sources */,
				14DA71B812F28A7D00C39B62 /* PhotoViewController.m in Sources */,
				14DA71B912F28A7D00C39B62 /* TilingView.m in Sources */,
				14B235AE12F6A01B00B32A22 /* RatingCustomCell.m in Sources */,
				14B2395B12F6E13800B32A22 /* StoreImageScrollView.m in Sources */,
				149F5EB312F7E01100402A8C /* HPGrowingTextView.m in Sources */,
				149F5EB412F7E01100402A8C /* HPTextViewInternal.m in Sources */,
				149DF05912F91CB600DAFB46 /* PlacementImageScrollView.m in Sources */,
				149C545012FA8D70002403E8 /* PhotoHistory.m in Sources */,
				14D4D7C512FFC02900C0464A /* ExpandView.m in Sources */,
				14D4D91E12FFCEA700C0464A /* CustomPlacementImageView.m in Sources */,
				14F59705130539770011D9BE /* CommentCustomCell.m in Sources */,
				14950BDE1308E24800B57CF6 /* ImageDownloaderBackground.m in Sources */,
				14D6E1E8130BEF7B00CD1EA2 /* ThumbnailCreater.m in Sources */,
				14C01F64130D45DF00EA700B /* CustomTextView.m in Sources */,
				141B2823130E77E7009B7D81 /* PhotoHistoryCountCell.m in Sources */,
			);
			runOnlyForDeploymentPostprocessing = 0;
		};
/* End PBXSourcesBuildPhase section */

/* Begin XCBuildConfiguration section */
		1D6058940D05DD3E006BFB54 /* Debug */ = {
			isa = XCBuildConfiguration;
			buildSettings = {
				ALWAYS_SEARCH_USER_PATHS = NO;
				COPY_PHASE_STRIP = NO;
				GCC_DYNAMIC_NO_PIC = NO;
				GCC_OPTIMIZATION_LEVEL = 0;
				GCC_PRECOMPILE_PREFIX_HEADER = YES;
				GCC_PREFIX_HEADER = iShopShape_Prefix.pch;
				INFOPLIST_FILE = "iShopShape-Info.plist";
				PRODUCT_NAME = iShopShape;
			};
			name = Debug;
		};
		1D6058950D05DD3E006BFB54 /* Release */ = {
			isa = XCBuildConfiguration;
			buildSettings = {
				ALWAYS_SEARCH_USER_PATHS = NO;
				COPY_PHASE_STRIP = YES;
				GCC_PRECOMPILE_PREFIX_HEADER = YES;
				GCC_PREFIX_HEADER = iShopShape_Prefix.pch;
				INFOPLIST_FILE = "iShopShape-Info.plist";
				PRODUCT_NAME = iShopShape;
				VALIDATE_PRODUCT = YES;
			};
			name = Release;
		};
		C01FCF4F08A954540054247B /* Debug */ = {
			isa = XCBuildConfiguration;
			buildSettings = {
				ARCHS = "$(ARCHS_STANDARD_32_BIT)";
				CODE_SIGN_IDENTITY = "iPhone Developer: Daniel Lim (ZUDBF3J8YQ)";
				"CODE_SIGN_IDENTITY[sdk=iphoneos*]" = "iPhone Developer: Daniel Lim (ZUDBF3J8YQ)";
				GCC_C_LANGUAGE_STANDARD = c99;
				GCC_WARN_ABOUT_RETURN_TYPE = YES;
				GCC_WARN_UNUSED_VARIABLE = YES;
				IPHONEOS_DEPLOYMENT_TARGET = 3.0;
				PREBINDING = NO;
				PROVISIONING_PROFILE = "0DFDCEB6-D8FC-4AF7-81EF-87DFC5F0AC1A";
				"PROVISIONING_PROFILE[sdk=iphoneos*]" = "0DFDCEB6-D8FC-4AF7-81EF-87DFC5F0AC1A";
				SDKROOT = iphoneos;
			};
			name = Debug;
		};
		C01FCF5008A954540054247B /* Release */ = {
			isa = XCBuildConfiguration;
			buildSettings = {
				ARCHS = "$(ARCHS_STANDARD_32_BIT)";
				CODE_SIGN_IDENTITY = "iPhone Developer: Daniel Lim (ZUDBF3J8YQ)";
				"CODE_SIGN_IDENTITY[sdk=iphoneos*]" = "iPhone Developer: Daniel Lim (ZUDBF3J8YQ)";
				GCC_C_LANGUAGE_STANDARD = c99;
				GCC_WARN_ABOUT_RETURN_TYPE = YES;
				GCC_WARN_UNUSED_VARIABLE = YES;
				IPHONEOS_DEPLOYMENT_TARGET = 3.0;
				OTHER_CFLAGS = "-DNS_BLOCK_ASSERTIONS=1";
				PREBINDING = NO;
				PROVISIONING_PROFILE = "0DFDCEB6-D8FC-4AF7-81EF-87DFC5F0AC1A";
				"PROVISIONING_PROFILE[sdk=iphoneos*]" = "0DFDCEB6-D8FC-4AF7-81EF-87DFC5F0AC1A";
				SDKROOT = iphoneos;
			};
			name = Release;
		};
/* End XCBuildConfiguration section */

/* Begin XCConfigurationList section */
		1D6058960D05DD3E006BFB54 /* Build configuration list for PBXNativeTarget "iShopShape" */ = {
			isa = XCConfigurationList;
			buildConfigurations = (
				1D6058940D05DD3E006BFB54 /* Debug */,
				1D6058950D05DD3E006BFB54 /* Release */,
			);
			defaultConfigurationIsVisible = 0;
			defaultConfigurationName = Release;
		};
		C01FCF4E08A954540054247B /* Build configuration list for PBXProject "iShopShape" */ = {
			isa = XCConfigurationList;
			buildConfigurations = (
				C01FCF4F08A954540054247B /* Debug */,
				C01FCF5008A954540054247B /* Release */,
			);
			defaultConfigurationIsVisible = 0;
			defaultConfigurationName = Release;
		};
/* End XCConfigurationList section */
	};
	rootObject = 29B97313FDCFA39411CA2CEA /* Project object */;
}
