// !$*UTF8*$!
{
	archiveVersion = 1;
	classes = {
	};
	objectVersion = 46;
	objects = {

/* Begin PBXBuildFile section */
		2A4FBCB013A74CBE0052BE3F /* myPlistFile.plist in Resources */ = {isa = PBXBuildFile; fileRef = 2A4FBCAF13A74CBE0052BE3F /* myPlistFile.plist */; };
		2A8B789213A634A900D3C5CF /* UIKit.framework in Frameworks */ = {isa = PBXBuildFile; fileRef = 2A8B789113A634A900D3C5CF /* UIKit.framework */; };
		2A8B789413A634A900D3C5CF /* Foundation.framework in Frameworks */ = {isa = PBXBuildFile; fileRef = 2A8B789313A634A900D3C5CF /* Foundation.framework */; };
		2A8B789613A634A900D3C5CF /* CoreGraphics.framework in Frameworks */ = {isa = PBXBuildFile; fileRef = 2A8B789513A634A900D3C5CF /* CoreGraphics.framework */; };
		2A8B789C13A634A900D3C5CF /* InfoPlist.strings in Resources */ = {isa = PBXBuildFile; fileRef = 2A8B789A13A634A900D3C5CF /* InfoPlist.strings */; };
		2A8B789F13A634A900D3C5CF /* main.m in Sources */ = {isa = PBXBuildFile; fileRef = 2A8B789E13A634A900D3C5CF /* main.m */; };
		2A8B78A213A634A900D3C5CF /* flatteningAppDelegate.m in Sources */ = {isa = PBXBuildFile; fileRef = 2A8B78A113A634A900D3C5CF /* flatteningAppDelegate.m */; };
		2A8B78A513A634A900D3C5CF /* MainWindow.xib in Resources */ = {isa = PBXBuildFile; fileRef = 2A8B78A313A634A900D3C5CF /* MainWindow.xib */; };
		2A8B78A813A634A900D3C5CF /* flatteningViewController.m in Sources */ = {isa = PBXBuildFile; fileRef = 2A8B78A713A634A900D3C5CF /* flatteningViewController.m */; };
		2A8B78AB13A634A900D3C5CF /* flatteningViewController.xib in Resources */ = {isa = PBXBuildFile; fileRef = 2A8B78A913A634A900D3C5CF /* flatteningViewController.xib */; };
		2A8B78BA13A636D900D3C5CF /* a1.jpeg in Resources */ = {isa = PBXBuildFile; fileRef = 2A8B78B913A636D800D3C5CF /* a1.jpeg */; };
		2A8B78BC13A636DC00D3C5CF /* a2.jpeg in Resources */ = {isa = PBXBuildFile; fileRef = 2A8B78BB13A636DC00D3C5CF /* a2.jpeg */; };
/* End PBXBuildFile section */

/* Begin PBXFileReference section */
		2A4FBCAF13A74CBE0052BE3F /* myPlistFile.plist */ = {isa = PBXFileReference; fileEncoding = 4; lastKnownFileType = text.plist.xml; path = myPlistFile.plist; sourceTree = "<group>"; };
		2A8B788D13A634A900D3C5CF /* flattening.app */ = {isa = PBXFileReference; explicitFileType = wrapper.application; includeInIndex = 0; path = flattening.app; sourceTree = BUILT_PRODUCTS_DIR; };
		2A8B789113A634A900D3C5CF /* UIKit.framework */ = {isa = PBXFileReference; lastKnownFileType = wrapper.framework; name = UIKit.framework; path = System/Library/Frameworks/UIKit.framework; sourceTree = SDKROOT; };
		2A8B789313A634A900D3C5CF /* Foundation.framework */ = {isa = PBXFileReference; lastKnownFileType = wrapper.framework; name = Foundation.framework; path = System/Library/Frameworks/Foundation.framework; sourceTree = SDKROOT; };
		2A8B789513A634A900D3C5CF /* CoreGraphics.framework */ = {isa = PBXFileReference; lastKnownFileType = wrapper.framework; name = CoreGraphics.framework; path = System/Library/Frameworks/CoreGraphics.framework; sourceTree = SDKROOT; };
		2A8B789913A634A900D3C5CF /* flattening-Info.plist */ = {isa = PBXFileReference; lastKnownFileType = text.plist.xml; path = "flattening-Info.plist"; sourceTree = "<group>"; };
		2A8B789B13A634A900D3C5CF /* en */ = {isa = PBXFileReference; lastKnownFileType = text.plist.strings; name = en; path = en.lproj/InfoPlist.strings; sourceTree = "<group>"; };
		2A8B789D13A634A900D3C5CF /* flattening-Prefix.pch */ = {isa = PBXFileReference; lastKnownFileType = sourcecode.c.h; path = "flattening-Prefix.pch"; sourceTree = "<group>"; };
		2A8B789E13A634A900D3C5CF /* main.m */ = {isa = PBXFileReference; lastKnownFileType = sourcecode.c.objc; path = main.m; sourceTree = "<group>"; };
		2A8B78A013A634A900D3C5CF /* flatteningAppDelegate.h */ = {isa = PBXFileReference; lastKnownFileType = sourcecode.c.h; path = flatteningAppDelegate.h; sourceTree = "<group>"; };
		2A8B78A113A634A900D3C5CF /* flatteningAppDelegate.m */ = {isa = PBXFileReference; lastKnownFileType = sourcecode.c.objc; path = flatteningAppDelegate.m; sourceTree = "<group>"; };
		2A8B78A413A634A900D3C5CF /* en */ = {isa = PBXFileReference; lastKnownFileType = file.xib; name = en; path = en.lproj/MainWindow.xib; sourceTree = "<group>"; };
		2A8B78A613A634A900D3C5CF /* flatteningViewController.h */ = {isa = PBXFileReference; lastKnownFileType = sourcecode.c.h; path = flatteningViewController.h; sourceTree = "<group>"; };
		2A8B78A713A634A900D3C5CF /* flatteningViewController.m */ = {isa = PBXFileReference; lastKnownFileType = sourcecode.c.objc; path = flatteningViewController.m; sourceTree = "<group>"; };
		2A8B78AA13A634A900D3C5CF /* en */ = {isa = PBXFileReference; lastKnownFileType = file.xib; name = en; path = en.lproj/flatteningViewController.xib; sourceTree = "<group>"; };
		2A8B78B913A636D800D3C5CF /* a1.jpeg */ = {isa = PBXFileReference; lastKnownFileType = image.jpeg; path = a1.jpeg; sourceTree = "<group>"; };
		2A8B78BB13A636DC00D3C5CF /* a2.jpeg */ = {isa = PBXFileReference; lastKnownFileType = image.jpeg; path = a2.jpeg; sourceTree = "<group>"; };
/* End PBXFileReference section */

/* Begin PBXFrameworksBuildPhase section */
		2A8B788A13A634A900D3C5CF /* Frameworks */ = {
			isa = PBXFrameworksBuildPhase;
			buildActionMask = 2147483647;
			files = (
				2A8B789213A634A900D3C5CF /* UIKit.framework in Frameworks */,
				2A8B789413A634A900D3C5CF /* Foundation.framework in Frameworks */,
				2A8B789613A634A900D3C5CF /* CoreGraphics.framework in Frameworks */,
			);
			runOnlyForDeploymentPostprocessing = 0;
		};
/* End PBXFrameworksBuildPhase section */

/* Begin PBXGroup section */
		2A8B788213A634A900D3C5CF = {
			isa = PBXGroup;
			children = (
				2A8B789713A634A900D3C5CF /* flattening */,
				2A8B789013A634A900D3C5CF /* Frameworks */,
				2A8B788E13A634A900D3C5CF /* Products */,
			);
			sourceTree = "<group>";
		};
		2A8B788E13A634A900D3C5CF /* Products */ = {
			isa = PBXGroup;
			children = (
				2A8B788D13A634A900D3C5CF /* flattening.app */,
			);
			name = Products;
			sourceTree = "<group>";
		};
		2A8B789013A634A900D3C5CF /* Frameworks */ = {
			isa = PBXGroup;
			children = (
				2A8B789113A634A900D3C5CF /* UIKit.framework */,
				2A8B789313A634A900D3C5CF /* Foundation.framework */,
				2A8B789513A634A900D3C5CF /* CoreGraphics.framework */,
			);
			name = Frameworks;
			sourceTree = "<group>";
		};
		2A8B789713A634A900D3C5CF /* flattening */ = {
			isa = PBXGroup;
			children = (
				2A8B78BB13A636DC00D3C5CF /* a2.jpeg */,
				2A8B78B913A636D800D3C5CF /* a1.jpeg */,
				2A8B78A013A634A900D3C5CF /* flatteningAppDelegate.h */,
				2A8B78A113A634A900D3C5CF /* flatteningAppDelegate.m */,
				2A8B78A313A634A900D3C5CF /* MainWindow.xib */,
				2A8B78A613A634A900D3C5CF /* flatteningViewController.h */,
				2A8B78A713A634A900D3C5CF /* flatteningViewController.m */,
				2A8B78A913A634A900D3C5CF /* flatteningViewController.xib */,
				2A8B789813A634A900D3C5CF /* Supporting Files */,
				2A4FBCAF13A74CBE0052BE3F /* myPlistFile.plist */,
			);
			path = flattening;
			sourceTree = "<group>";
		};
		2A8B789813A634A900D3C5CF /* Supporting Files */ = {
			isa = PBXGroup;
			children = (
				2A8B789913A634A900D3C5CF /* flattening-Info.plist */,
				2A8B789A13A634A900D3C5CF /* InfoPlist.strings */,
				2A8B789D13A634A900D3C5CF /* flattening-Prefix.pch */,
				2A8B789E13A634A900D3C5CF /* main.m */,
			);
			name = "Supporting Files";
			sourceTree = "<group>";
		};
/* End PBXGroup section */

/* Begin PBXNativeTarget section */
		2A8B788C13A634A900D3C5CF /* flattening */ = {
			isa = PBXNativeTarget;
			buildConfigurationList = 2A8B78AE13A634A900D3C5CF /* Build configuration list for PBXNativeTarget "flattening" */;
			buildPhases = (
				2A8B788913A634A900D3C5CF /* Sources */,
				2A8B788A13A634A900D3C5CF /* Frameworks */,
				2A8B788B13A634A900D3C5CF /* Resources */,
			);
			buildRules = (
			);
			dependencies = (
			);
			name = flattening;
			productName = flattening;
			productReference = 2A8B788D13A634A900D3C5CF /* flattening.app */;
			productType = "com.apple.product-type.application";
		};
/* End PBXNativeTarget section */

/* Begin PBXProject section */
		2A8B788413A634A900D3C5CF /* Project object */ = {
			isa = PBXProject;
			buildConfigurationList = 2A8B788713A634A900D3C5CF /* Build configuration list for PBXProject "flattening" */;
			compatibilityVersion = "Xcode 3.2";
			developmentRegion = English;
			hasScannedForEncodings = 0;
			knownRegions = (
				en,
			);
			mainGroup = 2A8B788213A634A900D3C5CF;
			productRefGroup = 2A8B788E13A634A900D3C5CF /* Products */;
			projectDirPath = "";
			projectRoot = "";
			targets = (
				2A8B788C13A634A900D3C5CF /* flattening */,
			);
		};
/* End PBXProject section */

/* Begin PBXResourcesBuildPhase section */
		2A8B788B13A634A900D3C5CF /* Resources */ = {
			isa = PBXResourcesBuildPhase;
			buildActionMask = 2147483647;
			files = (
				2A8B789C13A634A900D3C5CF /* InfoPlist.strings in Resources */,
				2A8B78A513A634A900D3C5CF /* MainWindow.xib in Resources */,
				2A8B78AB13A634A900D3C5CF /* flatteningViewController.xib in Resources */,
				2A8B78BA13A636D900D3C5CF /* a1.jpeg in Resources */,
				2A8B78BC13A636DC00D3C5CF /* a2.jpeg in Resources */,
				2A4FBCB013A74CBE0052BE3F /* myPlistFile.plist in Resources */,
			);
			runOnlyForDeploymentPostprocessing = 0;
		};
/* End PBXResourcesBuildPhase section */

/* Begin PBXSourcesBuildPhase section */
		2A8B788913A634A900D3C5CF /* Sources */ = {
			isa = PBXSourcesBuildPhase;
			buildActionMask = 2147483647;
			files = (
				2A8B789F13A634A900D3C5CF /* main.m in Sources */,
				2A8B78A213A634A900D3C5CF /* flatteningAppDelegate.m in Sources */,
				2A8B78A813A634A900D3C5CF /* flatteningViewController.m in Sources */,
			);
			runOnlyForDeploymentPostprocessing = 0;
		};
/* End PBXSourcesBuildPhase section */

/* Begin PBXVariantGroup section */
		2A8B789A13A634A900D3C5CF /* InfoPlist.strings */ = {
			isa = PBXVariantGroup;
			children = (
				2A8B789B13A634A900D3C5CF /* en */,
			);
			name = InfoPlist.strings;
			sourceTree = "<group>";
		};
		2A8B78A313A634A900D3C5CF /* MainWindow.xib */ = {
			isa = PBXVariantGroup;
			children = (
				2A8B78A413A634A900D3C5CF /* en */,
			);
			name = MainWindow.xib;
			sourceTree = "<group>";
		};
		2A8B78A913A634A900D3C5CF /* flatteningViewController.xib */ = {
			isa = PBXVariantGroup;
			children = (
				2A8B78AA13A634A900D3C5CF /* en */,
			);
			name = flatteningViewController.xib;
			sourceTree = "<group>";
		};
/* End PBXVariantGroup section */

/* Begin XCBuildConfiguration section */
		2A8B78AC13A634A900D3C5CF /* Debug */ = {
			isa = XCBuildConfiguration;
			buildSettings = {
				ARCHS = "$(ARCHS_STANDARD_32_BIT)";
				"CODE_SIGN_IDENTITY[sdk=iphoneos*]" = "iPhone Developer";
				GCC_C_LANGUAGE_STANDARD = gnu99;
				GCC_OPTIMIZATION_LEVEL = 0;
				GCC_PREPROCESSOR_DEFINITIONS = DEBUG;
				GCC_VERSION = com.apple.compilers.llvmgcc42;
				GCC_WARN_ABOUT_RETURN_TYPE = YES;
				GCC_WARN_UNUSED_VARIABLE = YES;
				IPHONEOS_DEPLOYMENT_TARGET = 4.2;
				SDKROOT = iphoneos;
			};
			name = Debug;
		};
		2A8B78AD13A634A900D3C5CF /* Release */ = {
			isa = XCBuildConfiguration;
			buildSettings = {
				ARCHS = "$(ARCHS_STANDARD_32_BIT)";
				"CODE_SIGN_IDENTITY[sdk=iphoneos*]" = "iPhone Developer";
				GCC_C_LANGUAGE_STANDARD = gnu99;
				GCC_VERSION = com.apple.compilers.llvmgcc42;
				GCC_WARN_ABOUT_RETURN_TYPE = YES;
				GCC_WARN_UNUSED_VARIABLE = YES;
				IPHONEOS_DEPLOYMENT_TARGET = 4.2;
				OTHER_CFLAGS = "-DNS_BLOCK_ASSERTIONS=1";
				SDKROOT = iphoneos;
			};
			name = Release;
		};
		2A8B78AF13A634A900D3C5CF /* Debug */ = {
			isa = XCBuildConfiguration;
			buildSettings = {
				ALWAYS_SEARCH_USER_PATHS = NO;
				COPY_PHASE_STRIP = NO;
				GCC_DYNAMIC_NO_PIC = NO;
				GCC_PRECOMPILE_PREFIX_HEADER = YES;
				GCC_PREFIX_HEADER = "flattening/flattening-Prefix.pch";
				INFOPLIST_FILE = "flattening/flattening-Info.plist";
				INSTALL_PATH = "$(LOCAL_APPS_DIR)";
				PRODUCT_NAME = "$(TARGET_NAME)";
				WRAPPER_EXTENSION = app;
			};
			name = Debug;
		};
		2A8B78B013A634A900D3C5CF /* Release */ = {
			isa = XCBuildConfiguration;
			buildSettings = {
				ALWAYS_SEARCH_USER_PATHS = NO;
				COPY_PHASE_STRIP = YES;
				GCC_PRECOMPILE_PREFIX_HEADER = YES;
				GCC_PREFIX_HEADER = "flattening/flattening-Prefix.pch";
				INFOPLIST_FILE = "flattening/flattening-Info.plist";
				INSTALL_PATH = "$(LOCAL_APPS_DIR)";
				PRODUCT_NAME = "$(TARGET_NAME)";
				VALIDATE_PRODUCT = YES;
				WRAPPER_EXTENSION = app;
			};
			name = Release;
		};
/* End XCBuildConfiguration section */

/* Begin XCConfigurationList section */
		2A8B788713A634A900D3C5CF /* Build configuration list for PBXProject "flattening" */ = {
			isa = XCConfigurationList;
			buildConfigurations = (
				2A8B78AC13A634A900D3C5CF /* Debug */,
				2A8B78AD13A634A900D3C5CF /* Release */,
			);
			defaultConfigurationIsVisible = 0;
			defaultConfigurationName = Release;
		};
		2A8B78AE13A634A900D3C5CF /* Build configuration list for PBXNativeTarget "flattening" */ = {
			isa = XCConfigurationList;
			buildConfigurations = (
				2A8B78AF13A634A900D3C5CF /* Debug */,
				2A8B78B013A634A900D3C5CF /* Release */,
			);
			defaultConfigurationIsVisible = 0;
			defaultConfigurationName = Release;
		};
/* End XCConfigurationList section */
	};
	rootObject = 2A8B788413A634A900D3C5CF /* Project object */;
}
