// !$*UTF8*$!
{
	archiveVersion = 1;
	classes = {
	};
	objectVersion = 46;
	objects = {

/* Begin PBXBuildFile section */
		2A06422E13D7FEE400461689 /* UIKit.framework in Frameworks */ = {isa = PBXBuildFile; fileRef = 2A06422D13D7FEE400461689 /* UIKit.framework */; };
		2A06423013D7FEE400461689 /* Foundation.framework in Frameworks */ = {isa = PBXBuildFile; fileRef = 2A06422F13D7FEE400461689 /* Foundation.framework */; };
		2A06423213D7FEE400461689 /* CoreGraphics.framework in Frameworks */ = {isa = PBXBuildFile; fileRef = 2A06423113D7FEE400461689 /* CoreGraphics.framework */; };
		2A06423813D7FEE400461689 /* InfoPlist.strings in Resources */ = {isa = PBXBuildFile; fileRef = 2A06423613D7FEE400461689 /* InfoPlist.strings */; };
		2A06423A13D7FEE400461689 /* main.m in Sources */ = {isa = PBXBuildFile; fileRef = 2A06423913D7FEE400461689 /* main.m */; };
		2A06423E13D7FEE400461689 /* aaaaAppDelegate.m in Sources */ = {isa = PBXBuildFile; fileRef = 2A06423D13D7FEE400461689 /* aaaaAppDelegate.m */; };
		2A06424113D7FEE400461689 /* MainStoryboard.storyboard in Resources */ = {isa = PBXBuildFile; fileRef = 2A06423F13D7FEE400461689 /* MainStoryboard.storyboard */; };
		2A06424413D7FEE500461689 /* MasterViewController.m in Sources */ = {isa = PBXBuildFile; fileRef = 2A06424313D7FEE500461689 /* MasterViewController.m */; };
		2A06424713D7FEE500461689 /* DetailViewController.m in Sources */ = {isa = PBXBuildFile; fileRef = 2A06424613D7FEE500461689 /* DetailViewController.m */; };
/* End PBXBuildFile section */

/* Begin PBXFileReference section */
		2A06422913D7FEE400461689 /* aaaa.app */ = {isa = PBXFileReference; explicitFileType = wrapper.application; includeInIndex = 0; path = aaaa.app; sourceTree = BUILT_PRODUCTS_DIR; };
		2A06422D13D7FEE400461689 /* UIKit.framework */ = {isa = PBXFileReference; lastKnownFileType = wrapper.framework; name = UIKit.framework; path = System/Library/Frameworks/UIKit.framework; sourceTree = SDKROOT; };
		2A06422F13D7FEE400461689 /* Foundation.framework */ = {isa = PBXFileReference; lastKnownFileType = wrapper.framework; name = Foundation.framework; path = System/Library/Frameworks/Foundation.framework; sourceTree = SDKROOT; };
		2A06423113D7FEE400461689 /* CoreGraphics.framework */ = {isa = PBXFileReference; lastKnownFileType = wrapper.framework; name = CoreGraphics.framework; path = System/Library/Frameworks/CoreGraphics.framework; sourceTree = SDKROOT; };
		2A06423513D7FEE400461689 /* aaaa-Info.plist */ = {isa = PBXFileReference; path = "aaaa-Info.plist"; sourceTree = "<group>"; };
		2A06423713D7FEE400461689 /* en */ = {isa = PBXFileReference; lastKnownFileType = text.plist.strings; name = en; path = en.lproj/InfoPlist.strings; sourceTree = "<group>"; };
		2A06423913D7FEE400461689 /* main.m */ = {isa = PBXFileReference; lastKnownFileType = sourcecode.c.objc; path = main.m; sourceTree = "<group>"; };
		2A06423B13D7FEE400461689 /* aaaa-Prefix.pch */ = {isa = PBXFileReference; path = "aaaa-Prefix.pch"; sourceTree = "<group>"; };
		2A06423C13D7FEE400461689 /* aaaaAppDelegate.h */ = {isa = PBXFileReference; path = aaaaAppDelegate.h; sourceTree = "<group>"; };
		2A06423D13D7FEE400461689 /* aaaaAppDelegate.m */ = {isa = PBXFileReference; lastKnownFileType = sourcecode.c.objc; path = aaaaAppDelegate.m; sourceTree = "<group>"; };
		2A06424013D7FEE400461689 /* en */ = {isa = PBXFileReference; lastKnownFileType = file.storyboard; name = en; path = en.lproj/MainStoryboard.storyboard; sourceTree = "<group>"; };
		2A06424213D7FEE400461689 /* MasterViewController.h */ = {isa = PBXFileReference; path = MasterViewController.h; sourceTree = "<group>"; };
		2A06424313D7FEE500461689 /* MasterViewController.m */ = {isa = PBXFileReference; lastKnownFileType = sourcecode.c.objc; path = MasterViewController.m; sourceTree = "<group>"; };
		2A06424513D7FEE500461689 /* DetailViewController.h */ = {isa = PBXFileReference; path = DetailViewController.h; sourceTree = "<group>"; };
		2A06424613D7FEE500461689 /* DetailViewController.m */ = {isa = PBXFileReference; lastKnownFileType = sourcecode.c.objc; path = DetailViewController.m; sourceTree = "<group>"; };
/* End PBXFileReference section */

/* Begin PBXFrameworksBuildPhase section */
		2A06422613D7FEE400461689 /* Frameworks */ = {
			isa = PBXFrameworksBuildPhase;
			buildActionMask = 2147483647;
			files = (
				2A06422E13D7FEE400461689 /* UIKit.framework in Frameworks */,
				2A06423013D7FEE400461689 /* Foundation.framework in Frameworks */,
				2A06423213D7FEE400461689 /* CoreGraphics.framework in Frameworks */,
			);
			runOnlyForDeploymentPostprocessing = 0;
		};
/* End PBXFrameworksBuildPhase section */

/* Begin PBXGroup section */
		2A06421E13D7FEE400461689 = {
			isa = PBXGroup;
			children = (
				2A06423313D7FEE400461689 /* aaaa */,
				2A06422C13D7FEE400461689 /* Frameworks */,
				2A06422A13D7FEE400461689 /* Products */,
			);
			sourceTree = "<group>";
		};
		2A06422A13D7FEE400461689 /* Products */ = {
			isa = PBXGroup;
			children = (
				2A06422913D7FEE400461689 /* aaaa.app */,
			);
			name = Products;
			sourceTree = "<group>";
		};
		2A06422C13D7FEE400461689 /* Frameworks */ = {
			isa = PBXGroup;
			children = (
				2A06422D13D7FEE400461689 /* UIKit.framework */,
				2A06422F13D7FEE400461689 /* Foundation.framework */,
				2A06423113D7FEE400461689 /* CoreGraphics.framework */,
			);
			name = Frameworks;
			sourceTree = "<group>";
		};
		2A06423313D7FEE400461689 /* aaaa */ = {
			isa = PBXGroup;
			children = (
				2A06423C13D7FEE400461689 /* aaaaAppDelegate.h */,
				2A06423D13D7FEE400461689 /* aaaaAppDelegate.m */,
				2A06423F13D7FEE400461689 /* MainStoryboard.storyboard */,
				2A06424213D7FEE400461689 /* MasterViewController.h */,
				2A06424313D7FEE500461689 /* MasterViewController.m */,
				2A06424513D7FEE500461689 /* DetailViewController.h */,
				2A06424613D7FEE500461689 /* DetailViewController.m */,
				2A06423413D7FEE400461689 /* Supporting Files */,
			);
			path = aaaa;
			sourceTree = "<group>";
		};
		2A06423413D7FEE400461689 /* Supporting Files */ = {
			isa = PBXGroup;
			children = (
				2A06423513D7FEE400461689 /* aaaa-Info.plist */,
				2A06423613D7FEE400461689 /* InfoPlist.strings */,
				2A06423913D7FEE400461689 /* main.m */,
				2A06423B13D7FEE400461689 /* aaaa-Prefix.pch */,
			);
			name = "Supporting Files";
			sourceTree = "<group>";
		};
/* End PBXGroup section */

/* Begin PBXNativeTarget section */
		2A06422813D7FEE400461689 /* aaaa */ = {
			isa = PBXNativeTarget;
			buildConfigurationList = 2A06424A13D7FEE500461689 /* Build configuration list for PBXNativeTarget "aaaa" */;
			buildPhases = (
				2A06422513D7FEE400461689 /* Sources */,
				2A06422613D7FEE400461689 /* Frameworks */,
				2A06422713D7FEE400461689 /* Resources */,
			);
			buildRules = (
			);
			dependencies = (
			);
			name = aaaa;
			productName = aaaa;
			productReference = 2A06422913D7FEE400461689 /* aaaa.app */;
			productType = "com.apple.product-type.application";
		};
/* End PBXNativeTarget section */

/* Begin PBXProject section */
		2A06422013D7FEE400461689 /* Project object */ = {
			isa = PBXProject;
			buildConfigurationList = 2A06422313D7FEE400461689 /* Build configuration list for PBXProject "aaaa" */;
			compatibilityVersion = "Xcode 3.2";
			developmentRegion = English;
			hasScannedForEncodings = 0;
			knownRegions = (
				en,
			);
			mainGroup = 2A06421E13D7FEE400461689;
			productRefGroup = 2A06422A13D7FEE400461689 /* Products */;
			projectDirPath = "";
			projectRoot = "";
			targets = (
				2A06422813D7FEE400461689 /* aaaa */,
			);
		};
/* End PBXProject section */

/* Begin PBXResourcesBuildPhase section */
		2A06422713D7FEE400461689 /* Resources */ = {
			isa = PBXResourcesBuildPhase;
			buildActionMask = 2147483647;
			files = (
				2A06423813D7FEE400461689 /* InfoPlist.strings in Resources */,
				2A06424113D7FEE400461689 /* MainStoryboard.storyboard in Resources */,
			);
			runOnlyForDeploymentPostprocessing = 0;
		};
/* End PBXResourcesBuildPhase section */

/* Begin PBXSourcesBuildPhase section */
		2A06422513D7FEE400461689 /* Sources */ = {
			isa = PBXSourcesBuildPhase;
			buildActionMask = 2147483647;
			files = (
				2A06423A13D7FEE400461689 /* main.m in Sources */,
				2A06423E13D7FEE400461689 /* aaaaAppDelegate.m in Sources */,
				2A06424413D7FEE500461689 /* MasterViewController.m in Sources */,
				2A06424713D7FEE500461689 /* DetailViewController.m in Sources */,
			);
			runOnlyForDeploymentPostprocessing = 0;
		};
/* End PBXSourcesBuildPhase section */

/* Begin PBXVariantGroup section */
		2A06423613D7FEE400461689 /* InfoPlist.strings */ = {
			isa = PBXVariantGroup;
			children = (
				2A06423713D7FEE400461689 /* en */,
			);
			name = InfoPlist.strings;
			sourceTree = "<group>";
		};
		2A06423F13D7FEE400461689 /* MainStoryboard.storyboard */ = {
			isa = PBXVariantGroup;
			children = (
				2A06424013D7FEE400461689 /* en */,
			);
			name = MainStoryboard.storyboard;
			sourceTree = "<group>";
		};
/* End PBXVariantGroup section */

/* Begin XCBuildConfiguration section */
		2A06424813D7FEE500461689 /* Debug */ = {
			isa = XCBuildConfiguration;
			buildSettings = {
				ALWAYS_SEARCH_USER_PATHS = NO;
				ARCHS = "$(ARCHS_STANDARD_32_BIT)";
				CLANG_ENABLE_OBJC_ARC = YES;
				"CODE_SIGN_IDENTITY[sdk=iphoneos*]" = "iPhone Developer";
				COPY_PHASE_STRIP = NO;
				GCC_C_LANGUAGE_STANDARD = gnu99;
				GCC_DYNAMIC_NO_PIC = NO;
				GCC_OPTIMIZATION_LEVEL = 0;
				GCC_PREPROCESSOR_DEFINITIONS = (
					"DEBUG=1",
					"$(inherited)",
				);
				GCC_SYMBOLS_PRIVATE_EXTERN = NO;
				GCC_VERSION = com.apple.compilers.llvm.clang.1_0;
				GCC_WARN_ABOUT_MISSING_PROTOTYPES = YES;
				GCC_WARN_ABOUT_RETURN_TYPE = YES;
				GCC_WARN_UNUSED_VARIABLE = YES;
				IPHONEOS_DEPLOYMENT_TARGET = 5.0;
				SDKROOT = iphoneos;
			};
			name = Debug;
		};
		2A06424913D7FEE500461689 /* Release */ = {
			isa = XCBuildConfiguration;
			buildSettings = {
				ALWAYS_SEARCH_USER_PATHS = NO;
				ARCHS = "$(ARCHS_STANDARD_32_BIT)";
				CLANG_ENABLE_OBJC_ARC = YES;
				"CODE_SIGN_IDENTITY[sdk=iphoneos*]" = "iPhone Developer";
				COPY_PHASE_STRIP = YES;
				GCC_C_LANGUAGE_STANDARD = gnu99;
				GCC_VERSION = com.apple.compilers.llvm.clang.1_0;
				GCC_WARN_ABOUT_MISSING_PROTOTYPES = YES;
				GCC_WARN_ABOUT_RETURN_TYPE = YES;
				GCC_WARN_UNUSED_VARIABLE = YES;
				IPHONEOS_DEPLOYMENT_TARGET = 5.0;
				OTHER_CFLAGS = "-DNS_BLOCK_ASSERTIONS=1";
				SDKROOT = iphoneos;
				VALIDATE_PRODUCT = YES;
			};
			name = Release;
		};
		2A06424B13D7FEE500461689 /* Debug */ = {
			isa = XCBuildConfiguration;
			buildSettings = {
				GCC_PRECOMPILE_PREFIX_HEADER = YES;
				GCC_PREFIX_HEADER = "aaaa/aaaa-Prefix.pch";
				INFOPLIST_FILE = "aaaa/aaaa-Info.plist";
				PRODUCT_NAME = "$(TARGET_NAME)";
				WRAPPER_EXTENSION = app;
			};
			name = Debug;
		};
		2A06424C13D7FEE500461689 /* Release */ = {
			isa = XCBuildConfiguration;
			buildSettings = {
				GCC_PRECOMPILE_PREFIX_HEADER = YES;
				GCC_PREFIX_HEADER = "aaaa/aaaa-Prefix.pch";
				INFOPLIST_FILE = "aaaa/aaaa-Info.plist";
				PRODUCT_NAME = "$(TARGET_NAME)";
				WRAPPER_EXTENSION = app;
			};
			name = Release;
		};
/* End XCBuildConfiguration section */

/* Begin XCConfigurationList section */
		2A06422313D7FEE400461689 /* Build configuration list for PBXProject "aaaa" */ = {
			isa = XCConfigurationList;
			buildConfigurations = (
				2A06424813D7FEE500461689 /* Debug */,
				2A06424913D7FEE500461689 /* Release */,
			);
			defaultConfigurationIsVisible = 0;
			defaultConfigurationName = Release;
		};
		2A06424A13D7FEE500461689 /* Build configuration list for PBXNativeTarget "aaaa" */ = {
			isa = XCConfigurationList;
			buildConfigurations = (
				2A06424B13D7FEE500461689 /* Debug */,
				2A06424C13D7FEE500461689 /* Release */,
			);
			defaultConfigurationIsVisible = 0;
		};
/* End XCConfigurationList section */
	};
	rootObject = 2A06422013D7FEE400461689 /* Project object */;
}
